// !$*UTF8*$!
{
	archiveVersion = 1;
	classes = {
	};
	objectVersion = 46;
	objects = {

/* Begin PBXBuildFile section */
		45541CDF1B90531F006C6E1D /* Society.storyboard in Resources */ = {isa = PBXBuildFile; fileRef = 45541CDE1B90531F006C6E1D /* Society.storyboard */; };
		6E011BF01BB2CC8F00A9688D /* ContactListTableViewCell.m in Sources */ = {isa = PBXBuildFile; fileRef = 6E011BEE1BB2CC8F00A9688D /* ContactListTableViewCell.m */; };
		6E011BF11BB2CC8F00A9688D /* ContactListTableViewCell.xib in Resources */ = {isa = PBXBuildFile; fileRef = 6E011BEF1BB2CC8F00A9688D /* ContactListTableViewCell.xib */; };
		6E011BF41BB2CEF700A9688D /* ContactListTableViewController.m in Sources */ = {isa = PBXBuildFile; fileRef = 6E011BF31BB2CEF700A9688D /* ContactListTableViewController.m */; };
		6E01AEDD1B9D822600B4FE99 /* SocietyPostBeans.m in Sources */ = {isa = PBXBuildFile; fileRef = 6E01AEDC1B9D822600B4FE99 /* SocietyPostBeans.m */; };
		6E087E681C167AE400ED63BA /* filesByType.plist in Resources */ = {isa = PBXBuildFile; fileRef = 6E087E631C167AE400ED63BA /* filesByType.plist */; };
		6E087E691C167AE400ED63BA /* HeadView.m in Sources */ = {isa = PBXBuildFile; fileRef = 6E087E651C167AE400ED63BA /* HeadView.m */; };
		6E087E721C1682B400ED63BA /* CommonCellBeanGroup.m in Sources */ = {isa = PBXBuildFile; fileRef = 6E087E701C1682B400ED63BA /* CommonCellBeanGroup.m */; };
		6E087E751C1683AD00ED63BA /* FileViewController.m in Sources */ = {isa = PBXBuildFile; fileRef = 6E087E741C1683AD00ED63BA /* FileViewController.m */; };
		6E087E7D1C1687A400ED63BA /* CommonCellBean.m in Sources */ = {isa = PBXBuildFile; fileRef = 6E087E7C1C1687A400ED63BA /* CommonCellBean.m */; };
		6E104B6E1BB916CE0055015C /* MeViewController.m in Sources */ = {isa = PBXBuildFile; fileRef = 6E104B6D1BB916CE0055015C /* MeViewController.m */; };
		6E1A4B5E1BCC93B0003CD31D /* PastActivityTableViewController.m in Sources */ = {isa = PBXBuildFile; fileRef = 6E1A4B5D1BCC93B0003CD31D /* PastActivityTableViewController.m */; };
		6E1A4B611BCC95EE003CD31D /* ActivityTabViewController.m in Sources */ = {isa = PBXBuildFile; fileRef = 6E1A4B601BCC95EE003CD31D /* ActivityTabViewController.m */; };
		6E1A4B641BCCAAA8003CD31D /* MoreTableViewController.m in Sources */ = {isa = PBXBuildFile; fileRef = 6E1A4B631BCCAAA8003CD31D /* MoreTableViewController.m */; };
		6E1C0E651BD74152006889C3 /* SocietyBean.m in Sources */ = {isa = PBXBuildFile; fileRef = 6E1C0E641BD74152006889C3 /* SocietyBean.m */; };
		6E1C26211C09F5EA00958B28 /* AdminListTableViewController.m in Sources */ = {isa = PBXBuildFile; fileRef = 6E1C26201C09F5EA00958B28 /* AdminListTableViewController.m */; };
		6E1DBA231BB14B4B0009428F /* ContactsTabViewController.m in Sources */ = {isa = PBXBuildFile; fileRef = 6E1DBA221BB14B4B0009428F /* ContactsTabViewController.m */; };
		6E20189A1C02AF890032C2A3 /* GroupSetingViewController.m in Sources */ = {isa = PBXBuildFile; fileRef = 6E2018991C02AF890032C2A3 /* GroupSetingViewController.m */; };
		6E20189D1C02BEB80032C2A3 /* SelectMemberTableViewController.m in Sources */ = {isa = PBXBuildFile; fileRef = 6E20189C1C02BEB80032C2A3 /* SelectMemberTableViewController.m */; };
		6E2018A01C02F6760032C2A3 /* GroupInfoViewController.m in Sources */ = {isa = PBXBuildFile; fileRef = 6E20189F1C02F6760032C2A3 /* GroupInfoViewController.m */; };
		6E263C8A1C0EC1C3004CFE33 /* AddActivityViewController.m in Sources */ = {isa = PBXBuildFile; fileRef = 6E263C891C0EC1C3004CFE33 /* AddActivityViewController.m */; };
		6E41464B1BCDE9060057A359 /* AlbumTableViewController.m in Sources */ = {isa = PBXBuildFile; fileRef = 6E41464A1BCDE9060057A359 /* AlbumTableViewController.m */; };
		6E41464E1BCDE9630057A359 /* AlbumTableViewCell.m in Sources */ = {isa = PBXBuildFile; fileRef = 6E41464D1BCDE9630057A359 /* AlbumTableViewCell.m */; };
		6E44A5EF1BE34CD000A8993C /* MyInfoTableViewController.m in Sources */ = {isa = PBXBuildFile; fileRef = 6E44A5EE1BE34CD000A8993C /* MyInfoTableViewController.m */; };
		6E44A5F51BE34FF500A8993C /* KeyValueBean.m in Sources */ = {isa = PBXBuildFile; fileRef = 6E44A5F41BE34FF500A8993C /* KeyValueBean.m */; };
		6E57BE541BDE5911003928BE /* GroupsTypeTabViewController.m in Sources */ = {isa = PBXBuildFile; fileRef = 6E57BE531BDE5911003928BE /* GroupsTypeTabViewController.m */; };
		6E57BE571BDE5B97003928BE /* GroupsCollectionViewController.m in Sources */ = {isa = PBXBuildFile; fileRef = 6E57BE561BDE5B97003928BE /* GroupsCollectionViewController.m */; };
		6E583AF71C16BFA000785D00 /* filesByUser.plist in Resources */ = {isa = PBXBuildFile; fileRef = 6E583AF61C16BFA000785D00 /* filesByUser.plist */; };
		6E583AF91C16C53300785D00 /* filesByTime.plist in Resources */ = {isa = PBXBuildFile; fileRef = 6E583AF81C16C53300785D00 /* filesByTime.plist */; };
		6E583AFC1C16C86900785D00 /* FileTabViewController.m in Sources */ = {isa = PBXBuildFile; fileRef = 6E583AFB1C16C86900785D00 /* FileTabViewController.m */; };
		6E5F67BD1BB5379E003B4504 /* FirstViewController.m in Sources */ = {isa = PBXBuildFile; fileRef = 6E5F67BC1BB5379E003B4504 /* FirstViewController.m */; };
		6E64935C1C1A7D5700386D54 /* FriendsMainViewController.m in Sources */ = {isa = PBXBuildFile; fileRef = 6E64935B1C1A7D5700386D54 /* FriendsMainViewController.m */; };
		6E6565D11B93FFC4006DE6A0 /* SocietyMainTableViewController.m in Sources */ = {isa = PBXBuildFile; fileRef = 6E6565D01B93FFC4006DE6A0 /* SocietyMainTableViewController.m */; };
		6E68A9291BAF8803001D5E91 /* GroupsCellFooterCollectionReusableView.m in Sources */ = {isa = PBXBuildFile; fileRef = 6E68A9271BAF8803001D5E91 /* GroupsCellFooterCollectionReusableView.m */; };
		6E68A92A1BAF8803001D5E91 /* GroupsCellFooterCollectionReusableView.xib in Resources */ = {isa = PBXBuildFile; fileRef = 6E68A9281BAF8803001D5E91 /* GroupsCellFooterCollectionReusableView.xib */; };
		6E87036C1BAA9D1000C2B128 /* GroupsMainCollectionViewCell.m in Sources */ = {isa = PBXBuildFile; fileRef = 6E87036A1BAA9D1000C2B128 /* GroupsMainCollectionViewCell.m */; };
		6E87036D1BAA9D1000C2B128 /* GroupsMainCollectionViewCell.xib in Resources */ = {isa = PBXBuildFile; fileRef = 6E87036B1BAA9D1000C2B128 /* GroupsMainCollectionViewCell.xib */; };
		6E87544A1C06C57100917B2A /* AddPicCollectionViewController.m in Sources */ = {isa = PBXBuildFile; fileRef = 6E8754491C06C57100917B2A /* AddPicCollectionViewController.m */; };
		6E88C9D81B8F00F200475EBF /* main.m in Sources */ = {isa = PBXBuildFile; fileRef = 6E88C9D71B8F00F200475EBF /* main.m */; };
		6E88C9DB1B8F00F200475EBF /* AppDelegate.m in Sources */ = {isa = PBXBuildFile; fileRef = 6E88C9DA1B8F00F200475EBF /* AppDelegate.m */; };
		6E88C9E31B8F00F200475EBF /* Images.xcassets in Resources */ = {isa = PBXBuildFile; fileRef = 6E88C9E21B8F00F200475EBF /* Images.xcassets */; };
		6E88CA241B8F030D00475EBF /* Main.storyboard in Resources */ = {isa = PBXBuildFile; fileRef = 6E88CA231B8F030D00475EBF /* Main.storyboard */; };
		6E88CA281B8F033200475EBF /* Groups.storyboard in Resources */ = {isa = PBXBuildFile; fileRef = 6E88CA251B8F033200475EBF /* Groups.storyboard */; };
		6E88CA291B8F033200475EBF /* RootViewController.m in Sources */ = {isa = PBXBuildFile; fileRef = 6E88CA271B8F033200475EBF /* RootViewController.m */; };
		6E88CA2B1B8F037D00475EBF /* LaunchScreen.xib in Resources */ = {isa = PBXBuildFile; fileRef = 6E88CA2A1B8F037D00475EBF /* LaunchScreen.xib */; };
		6E89ED291BB3D31F009D3EDC /* TrendsViewController.m in Sources */ = {isa = PBXBuildFile; fileRef = 6E89ED281BB3D31F009D3EDC /* TrendsViewController.m */; };
		6EA6B69E1BA681CF00F65AEA /* RegisterViewController.m in Sources */ = {isa = PBXBuildFile; fileRef = 6EA6B69D1BA681CF00F65AEA /* RegisterViewController.m */; };
		6EA6B6A11BA69A3B00F65AEA /* LoginViewController.m in Sources */ = {isa = PBXBuildFile; fileRef = 6EA6B6A01BA69A3B00F65AEA /* LoginViewController.m */; };
		6EB7CCD31BD63C2900281ACA /* ResultsTableViewController.m in Sources */ = {isa = PBXBuildFile; fileRef = 6EB7CCD21BD63C2900281ACA /* ResultsTableViewController.m */; };
		6EB951671C0B3F490026A957 /* MemberTabViewController.m in Sources */ = {isa = PBXBuildFile; fileRef = 6EB951661C0B3F490026A957 /* MemberTabViewController.m */; };
		6EBAA1681BABF21B0063E251 /* GroupsCellHeaderCollectionReusableView.m in Sources */ = {isa = PBXBuildFile; fileRef = 6EBAA1661BABF21B0063E251 /* GroupsCellHeaderCollectionReusableView.m */; };
		6EBAA1691BABF21B0063E251 /* GroupsCellHeaderCollectionReusableView.xib in Resources */ = {isa = PBXBuildFile; fileRef = 6EBAA1671BABF21B0063E251 /* GroupsCellHeaderCollectionReusableView.xib */; };
		6EBC1B691BC7B81400D1A02C /* PhotoTabViewController.m in Sources */ = {isa = PBXBuildFile; fileRef = 6EBC1B681BC7B81400D1A02C /* PhotoTabViewController.m */; };
		6EC3972F1BB28D6B00F1BAA4 /* MessageTableViewController.m in Sources */ = {isa = PBXBuildFile; fileRef = 6EC3972E1BB28D6B00F1BAA4 /* MessageTableViewController.m */; };
		6EC5ACC01BCB9CA4006F6280 /* ActivityTableViewCell.m in Sources */ = {isa = PBXBuildFile; fileRef = 6EC5ACBE1BCB9CA4006F6280 /* ActivityTableViewCell.m */; };
		6EC5ACC11BCB9CA4006F6280 /* ActivityTableViewCell.xib in Resources */ = {isa = PBXBuildFile; fileRef = 6EC5ACBF1BCB9CA4006F6280 /* ActivityTableViewCell.xib */; };
		6EC5ACC41BCBB338006F6280 /* PresentActivityTableViewController.m in Sources */ = {isa = PBXBuildFile; fileRef = 6EC5ACC31BCBB338006F6280 /* PresentActivityTableViewController.m */; };
		6EC648281BCB475D00457E4E /* GroupsMain.storyboard in Resources */ = {isa = PBXBuildFile; fileRef = 6EC648271BCB475D00457E4E /* GroupsMain.storyboard */; };
		6EC6482A1BCB4B6D00457E4E /* Contacts.storyboard in Resources */ = {isa = PBXBuildFile; fileRef = 6EC648291BCB4B6D00457E4E /* Contacts.storyboard */; };
		6EC6482C1BCB4DBA00457E4E /* Trends.storyboard in Resources */ = {isa = PBXBuildFile; fileRef = 6EC6482B1BCB4DBA00457E4E /* Trends.storyboard */; };
		6EC6482E1BCB4E1F00457E4E /* Me.storyboard in Resources */ = {isa = PBXBuildFile; fileRef = 6EC6482D1BCB4E1F00457E4E /* Me.storyboard */; };
		6EC648301BCB556100457E4E /* SocietyMain.storyboard in Resources */ = {isa = PBXBuildFile; fileRef = 6EC6482F1BCB556100457E4E /* SocietyMain.storyboard */; };
		6EC648321BCB55AF00457E4E /* Photo.storyboard in Resources */ = {isa = PBXBuildFile; fileRef = 6EC648311BCB55AF00457E4E /* Photo.storyboard */; };
		6EC648341BCB563C00457E4E /* Activity.storyboard in Resources */ = {isa = PBXBuildFile; fileRef = 6EC648331BCB563C00457E4E /* Activity.storyboard */; };
		6EC648361BCB567500457E4E /* More.storyboard in Resources */ = {isa = PBXBuildFile; fileRef = 6EC648351BCB567500457E4E /* More.storyboard */; };
		6ECFE0F31C044B98002EB5A0 /* AddMemberViewController.m in Sources */ = {isa = PBXBuildFile; fileRef = 6ECFE0F21C044B98002EB5A0 /* AddMemberViewController.m */; };
		6ED17F251C1032E500978BCF /* NSDictionary+StringAttributeForKey.m in Sources */ = {isa = PBXBuildFile; fileRef = 6ED17EFF1C1032E500978BCF /* NSDictionary+StringAttributeForKey.m */; };
		6ED17F261C1032E500978BCF /* UIImage+ImageAddition.m in Sources */ = {isa = PBXBuildFile; fileRef = 6ED17F011C1032E500978BCF /* UIImage+ImageAddition.m */; };
		6ED17F271C1032E500978BCF /* UIView+ViewAddition.m in Sources */ = {isa = PBXBuildFile; fileRef = 6ED17F031C1032E500978BCF /* UIView+ViewAddition.m */; };
		6ED17F281C1032E500978BCF /* UIViewController+Addition.m in Sources */ = {isa = PBXBuildFile; fileRef = 6ED17F051C1032E500978BCF /* UIViewController+Addition.m */; };
		6ED17F291C1032E500978BCF /* BasicTableViewCell.m in Sources */ = {isa = PBXBuildFile; fileRef = 6ED17F081C1032E500978BCF /* BasicTableViewCell.m */; };
		6ED17F2A1C1032E500978BCF /* BasicTableViewCell.xib in Resources */ = {isa = PBXBuildFile; fileRef = 6ED17F091C1032E500978BCF /* BasicTableViewCell.xib */; };
		6ED17F2B1C1032E500978BCF /* RoleTableViewCell.m in Sources */ = {isa = PBXBuildFile; fileRef = 6ED17F0B1C1032E500978BCF /* RoleTableViewCell.m */; };
		6ED17F2C1C1032E500978BCF /* RoleTableViewCell.xib in Resources */ = {isa = PBXBuildFile; fileRef = 6ED17F0C1C1032E500978BCF /* RoleTableViewCell.xib */; };
		6ED17F2D1C1032E500978BCF /* SocietyPostsTableViewCell.m in Sources */ = {isa = PBXBuildFile; fileRef = 6ED17F0E1C1032E500978BCF /* SocietyPostsTableViewCell.m */; };
		6ED17F2E1C1032E500978BCF /* SocietyPostsTableViewCell.xib in Resources */ = {isa = PBXBuildFile; fileRef = 6ED17F0F1C1032E500978BCF /* SocietyPostsTableViewCell.xib */; };
		6ED17F2F1C1032E500978BCF /* CircleImageButton.m in Sources */ = {isa = PBXBuildFile; fileRef = 6ED17F121C1032E500978BCF /* CircleImageButton.m */; };
		6ED17F301C1032E500978BCF /* CircleImageView.m in Sources */ = {isa = PBXBuildFile; fileRef = 6ED17F141C1032E500978BCF /* CircleImageView.m */; };
		6ED17F311C1032E500978BCF /* JPTabViewController.m in Sources */ = {isa = PBXBuildFile; fileRef = 6ED17F171C1032E500978BCF /* JPTabViewController.m */; };
		6ED17F321C1032E500978BCF /* ABSWaterFlowLayout.m in Sources */ = {isa = PBXBuildFile; fileRef = 6ED17F1A1C1032E500978BCF /* ABSWaterFlowLayout.m */; };
		6ED17F331C1032E500978BCF /* MyDatePickerView.m in Sources */ = {isa = PBXBuildFile; fileRef = 6ED17F1D1C1032E500978BCF /* MyDatePickerView.m */; };
		6ED17F341C1032E500978BCF /* MyDatePickerView.xib in Resources */ = {isa = PBXBuildFile; fileRef = 6ED17F1E1C1032E500978BCF /* MyDatePickerView.xib */; };
		6ED17F351C1032E500978BCF /* PlaceholderTextView.m in Sources */ = {isa = PBXBuildFile; fileRef = 6ED17F211C1032E500978BCF /* PlaceholderTextView.m */; };
		6ED17F361C1032E500978BCF /* SystemParaManager.m in Sources */ = {isa = PBXBuildFile; fileRef = 6ED17F241C1032E500978BCF /* SystemParaManager.m */; };
		6ED17F411C10463200978BCF /* AddrSelectViewController.m in Sources */ = {isa = PBXBuildFile; fileRef = 6ED17F401C10463200978BCF /* AddrSelectViewController.m */; };
		6ED17F441C10543F00978BCF /* SocietySetingTableViewController.m in Sources */ = {isa = PBXBuildFile; fileRef = 6ED17F431C10543F00978BCF /* SocietySetingTableViewController.m */; };
		6ED3D88F1C05CB5F00A2159E /* PostDetailTableViewController.m in Sources */ = {isa = PBXBuildFile; fileRef = 6ED3D88E1C05CB5F00A2159E /* PostDetailTableViewController.m */; };
		6ED3D8921C05CBA100A2159E /* CommentTableViewCell.m in Sources */ = {isa = PBXBuildFile; fileRef = 6ED3D8911C05CBA100A2159E /* CommentTableViewCell.m */; };
		6ED83C781C0C340100BF1E1A /* ActivityDetailViewController.m in Sources */ = {isa = PBXBuildFile; fileRef = 6ED83C771C0C340100BF1E1A /* ActivityDetailViewController.m */; };
		6ED83C7B1C0C3BF800BF1E1A /* ActivityMainViewController.m in Sources */ = {isa = PBXBuildFile; fileRef = 6ED83C7A1C0C3BF800BF1E1A /* ActivityMainViewController.m */; };
		6ED900221BB25155008D0D0C /* MessageTableViewCell.m in Sources */ = {isa = PBXBuildFile; fileRef = 6ED900201BB25155008D0D0C /* MessageTableViewCell.m */; };
		6ED900231BB25155008D0D0C /* MessageTableViewCell.xib in Resources */ = {isa = PBXBuildFile; fileRef = 6ED900211BB25155008D0D0C /* MessageTableViewCell.xib */; };
		6ED929151C06B7C900E0EF37 /* PhotoMainViewController.m in Sources */ = {isa = PBXBuildFile; fileRef = 6ED929141C06B7C900E0EF37 /* PhotoMainViewController.m */; };
		6EDCE1FE1C01C821002789FB /* TypeCollectionViewController.m in Sources */ = {isa = PBXBuildFile; fileRef = 6EDCE1FD1C01C821002789FB /* TypeCollectionViewController.m */; };
		6EEF725D1BCA3B7E006939EE /* PhotoCollectionViewCell.m in Sources */ = {isa = PBXBuildFile; fileRef = 6EEF725C1BCA3B7E006939EE /* PhotoCollectionViewCell.m */; };
		6EEF72601BCA4873006939EE /* Photo.m in Sources */ = {isa = PBXBuildFile; fileRef = 6EEF725F1BCA4873006939EE /* Photo.m */; };
		6EEF72661BCA4BCA006939EE /* PhotoCollectionViewController.m in Sources */ = {isa = PBXBuildFile; fileRef = 6EEF72651BCA4BCA006939EE /* PhotoCollectionViewController.m */; };
		6EEF72681BCA4D31006939EE /* 1.plist in Resources */ = {isa = PBXBuildFile; fileRef = 6EEF72671BCA4D31006939EE /* 1.plist */; };
		6EF1C18A1C054B4000E34F6C /* MesPostViewController.m in Sources */ = {isa = PBXBuildFile; fileRef = 6EF1C1891C054B4000E34F6C /* MesPostViewController.m */; };
		6EF1C1991C05655C00E34F6C /* PostPicViewController.m in Sources */ = {isa = PBXBuildFile; fileRef = 6EF1C1981C05655C00E34F6C /* PostPicViewController.m */; };
		6EF1C19C1C05659800E34F6C /* PicCollectionViewCell.m in Sources */ = {isa = PBXBuildFile; fileRef = 6EF1C19B1C05659800E34F6C /* PicCollectionViewCell.m */; };
		6EFBB6B21BE0C5D20088308D /* EditCommentTableViewCell.m in Sources */ = {isa = PBXBuildFile; fileRef = 6EFBB6B01BE0C5D20088308D /* EditCommentTableViewCell.m */; };
		6EFBB6B31BE0C5D20088308D /* EditCommentTableViewCell.xib in Resources */ = {isa = PBXBuildFile; fileRef = 6EFBB6B11BE0C5D20088308D /* EditCommentTableViewCell.xib */; };
		6EFE44F41BDA3172001F0600 /* CommontEditViewController.m in Sources */ = {isa = PBXBuildFile; fileRef = 6EFE44F31BDA3172001F0600 /* CommontEditViewController.m */; };
		6EFF1A131C0AAB7B00F8040E /* BannedTableViewController.m in Sources */ = {isa = PBXBuildFile; fileRef = 6EFF1A121C0AAB7B00F8040E /* BannedTableViewController.m */; };
		6EFF1A161C0ADB1700F8040E /* MemberShipViewController.m in Sources */ = {isa = PBXBuildFile; fileRef = 6EFF1A151C0ADB1700F8040E /* MemberShipViewController.m */; };
		FF13E3C8706353C746BC7669 /* libPods.a in Frameworks */ = {isa = PBXBuildFile; fileRef = E3DF88410C12350B6572A63B /* libPods.a */; };
/* End PBXBuildFile section */

/* Begin PBXFileReference section */
		065A9B864BA818B471710485 /* libPods-GeihooGroups4IOSTests.a */ = {isa = PBXFileReference; explicitFileType = archive.ar; includeInIndex = 0; path = "libPods-GeihooGroups4IOSTests.a"; sourceTree = BUILT_PRODUCTS_DIR; };
		1C1E3ACD2A4E3BF7EBFC65A9 /* Pods.release.xcconfig */ = {isa = PBXFileReference; includeInIndex = 1; lastKnownFileType = text.xcconfig; name = Pods.release.xcconfig; path = "Pods/Target Support Files/Pods/Pods.release.xcconfig"; sourceTree = "<group>"; };
		45541CDE1B90531F006C6E1D /* Society.storyboard */ = {isa = PBXFileReference; fileEncoding = 4; lastKnownFileType = file.storyboard; path = Society.storyboard; sourceTree = "<group>"; };
		6E011BED1BB2CC8F00A9688D /* ContactListTableViewCell.h */ = {isa = PBXFileReference; fileEncoding = 4; lastKnownFileType = sourcecode.c.h; path = ContactListTableViewCell.h; sourceTree = "<group>"; };
		6E011BEE1BB2CC8F00A9688D /* ContactListTableViewCell.m */ = {isa = PBXFileReference; fileEncoding = 4; lastKnownFileType = sourcecode.c.objc; path = ContactListTableViewCell.m; sourceTree = "<group>"; };
		6E011BEF1BB2CC8F00A9688D /* ContactListTableViewCell.xib */ = {isa = PBXFileReference; fileEncoding = 4; lastKnownFileType = file.xib; path = ContactListTableViewCell.xib; sourceTree = "<group>"; };
		6E011BF21BB2CEF700A9688D /* ContactListTableViewController.h */ = {isa = PBXFileReference; fileEncoding = 4; lastKnownFileType = sourcecode.c.h; path = ContactListTableViewController.h; sourceTree = "<group>"; };
		6E011BF31BB2CEF700A9688D /* ContactListTableViewController.m */ = {isa = PBXFileReference; fileEncoding = 4; lastKnownFileType = sourcecode.c.objc; path = ContactListTableViewController.m; sourceTree = "<group>"; };
		6E01AEDB1B9D822600B4FE99 /* SocietyPostBeans.h */ = {isa = PBXFileReference; fileEncoding = 4; lastKnownFileType = sourcecode.c.h; path = SocietyPostBeans.h; sourceTree = "<group>"; };
		6E01AEDC1B9D822600B4FE99 /* SocietyPostBeans.m */ = {isa = PBXFileReference; fileEncoding = 4; lastKnownFileType = sourcecode.c.objc; path = SocietyPostBeans.m; sourceTree = "<group>"; };
		6E087E631C167AE400ED63BA /* filesByType.plist */ = {isa = PBXFileReference; fileEncoding = 4; lastKnownFileType = text.plist.xml; path = filesByType.plist; sourceTree = "<group>"; };
		6E087E641C167AE400ED63BA /* HeadView.h */ = {isa = PBXFileReference; fileEncoding = 4; lastKnownFileType = sourcecode.c.h; name = HeadView.h; path = ../HeadView.h; sourceTree = "<group>"; };
		6E087E651C167AE400ED63BA /* HeadView.m */ = {isa = PBXFileReference; fileEncoding = 4; lastKnownFileType = sourcecode.c.objc; name = HeadView.m; path = ../HeadView.m; sourceTree = "<group>"; };
		6E087E6D1C1682B400ED63BA /* CommonCellBean.h */ = {isa = PBXFileReference; fileEncoding = 4; lastKnownFileType = sourcecode.c.h; path = CommonCellBean.h; sourceTree = "<group>"; };
		6E087E6F1C1682B400ED63BA /* CommonCellBeanGroup.h */ = {isa = PBXFileReference; fileEncoding = 4; lastKnownFileType = sourcecode.c.h; path = CommonCellBeanGroup.h; sourceTree = "<group>"; };
		6E087E701C1682B400ED63BA /* CommonCellBeanGroup.m */ = {isa = PBXFileReference; fileEncoding = 4; lastKnownFileType = sourcecode.c.objc; path = CommonCellBeanGroup.m; sourceTree = "<group>"; };
		6E087E731C1683AD00ED63BA /* FileViewController.h */ = {isa = PBXFileReference; fileEncoding = 4; lastKnownFileType = sourcecode.c.h; path = FileViewController.h; sourceTree = "<group>"; };
		6E087E741C1683AD00ED63BA /* FileViewController.m */ = {isa = PBXFileReference; fileEncoding = 4; lastKnownFileType = sourcecode.c.objc; path = FileViewController.m; sourceTree = "<group>"; };
		6E087E7C1C1687A400ED63BA /* CommonCellBean.m */ = {isa = PBXFileReference; fileEncoding = 4; lastKnownFileType = sourcecode.c.objc; path = CommonCellBean.m; sourceTree = "<group>"; };
		6E104B6C1BB916CE0055015C /* MeViewController.h */ = {isa = PBXFileReference; fileEncoding = 4; lastKnownFileType = sourcecode.c.h; path = MeViewController.h; sourceTree = "<group>"; };
		6E104B6D1BB916CE0055015C /* MeViewController.m */ = {isa = PBXFileReference; fileEncoding = 4; lastKnownFileType = sourcecode.c.objc; path = MeViewController.m; sourceTree = "<group>"; };
		6E1A4B5C1BCC93B0003CD31D /* PastActivityTableViewController.h */ = {isa = PBXFileReference; fileEncoding = 4; lastKnownFileType = sourcecode.c.h; path = PastActivityTableViewController.h; sourceTree = "<group>"; };
		6E1A4B5D1BCC93B0003CD31D /* PastActivityTableViewController.m */ = {isa = PBXFileReference; fileEncoding = 4; lastKnownFileType = sourcecode.c.objc; path = PastActivityTableViewController.m; sourceTree = "<group>"; };
		6E1A4B5F1BCC95EE003CD31D /* ActivityTabViewController.h */ = {isa = PBXFileReference; fileEncoding = 4; lastKnownFileType = sourcecode.c.h; path = ActivityTabViewController.h; sourceTree = "<group>"; };
		6E1A4B601BCC95EE003CD31D /* ActivityTabViewController.m */ = {isa = PBXFileReference; fileEncoding = 4; lastKnownFileType = sourcecode.c.objc; path = ActivityTabViewController.m; sourceTree = "<group>"; };
		6E1A4B621BCCAAA8003CD31D /* MoreTableViewController.h */ = {isa = PBXFileReference; fileEncoding = 4; lastKnownFileType = sourcecode.c.h; path = MoreTableViewController.h; sourceTree = "<group>"; };
		6E1A4B631BCCAAA8003CD31D /* MoreTableViewController.m */ = {isa = PBXFileReference; fileEncoding = 4; lastKnownFileType = sourcecode.c.objc; path = MoreTableViewController.m; sourceTree = "<group>"; };
		6E1C0E631BD74152006889C3 /* SocietyBean.h */ = {isa = PBXFileReference; fileEncoding = 4; lastKnownFileType = sourcecode.c.h; path = SocietyBean.h; sourceTree = "<group>"; };
		6E1C0E641BD74152006889C3 /* SocietyBean.m */ = {isa = PBXFileReference; fileEncoding = 4; lastKnownFileType = sourcecode.c.objc; path = SocietyBean.m; sourceTree = "<group>"; };
		6E1C261F1C09F5EA00958B28 /* AdminListTableViewController.h */ = {isa = PBXFileReference; fileEncoding = 4; lastKnownFileType = sourcecode.c.h; path = AdminListTableViewController.h; sourceTree = "<group>"; };
		6E1C26201C09F5EA00958B28 /* AdminListTableViewController.m */ = {isa = PBXFileReference; fileEncoding = 4; lastKnownFileType = sourcecode.c.objc; path = AdminListTableViewController.m; sourceTree = "<group>"; };
		6E1DBA211BB14B4B0009428F /* ContactsTabViewController.h */ = {isa = PBXFileReference; fileEncoding = 4; lastKnownFileType = sourcecode.c.h; path = ContactsTabViewController.h; sourceTree = "<group>"; };
		6E1DBA221BB14B4B0009428F /* ContactsTabViewController.m */ = {isa = PBXFileReference; fileEncoding = 4; lastKnownFileType = sourcecode.c.objc; path = ContactsTabViewController.m; sourceTree = "<group>"; };
		6E2018981C02AF890032C2A3 /* GroupSetingViewController.h */ = {isa = PBXFileReference; fileEncoding = 4; lastKnownFileType = sourcecode.c.h; path = GroupSetingViewController.h; sourceTree = "<group>"; };
		6E2018991C02AF890032C2A3 /* GroupSetingViewController.m */ = {isa = PBXFileReference; fileEncoding = 4; lastKnownFileType = sourcecode.c.objc; path = GroupSetingViewController.m; sourceTree = "<group>"; };
		6E20189B1C02BEB80032C2A3 /* SelectMemberTableViewController.h */ = {isa = PBXFileReference; fileEncoding = 4; lastKnownFileType = sourcecode.c.h; path = SelectMemberTableViewController.h; sourceTree = "<group>"; };
		6E20189C1C02BEB80032C2A3 /* SelectMemberTableViewController.m */ = {isa = PBXFileReference; fileEncoding = 4; lastKnownFileType = sourcecode.c.objc; path = SelectMemberTableViewController.m; sourceTree = "<group>"; };
		6E20189E1C02F6760032C2A3 /* GroupInfoViewController.h */ = {isa = PBXFileReference; fileEncoding = 4; lastKnownFileType = sourcecode.c.h; path = GroupInfoViewController.h; sourceTree = "<group>"; };
		6E20189F1C02F6760032C2A3 /* GroupInfoViewController.m */ = {isa = PBXFileReference; fileEncoding = 4; lastKnownFileType = sourcecode.c.objc; path = GroupInfoViewController.m; sourceTree = "<group>"; };
		6E263C881C0EC1C3004CFE33 /* AddActivityViewController.h */ = {isa = PBXFileReference; fileEncoding = 4; lastKnownFileType = sourcecode.c.h; path = AddActivityViewController.h; sourceTree = "<group>"; };
		6E263C891C0EC1C3004CFE33 /* AddActivityViewController.m */ = {isa = PBXFileReference; fileEncoding = 4; lastKnownFileType = sourcecode.c.objc; path = AddActivityViewController.m; sourceTree = "<group>"; };
		6E4146491BCDE9060057A359 /* AlbumTableViewController.h */ = {isa = PBXFileReference; fileEncoding = 4; lastKnownFileType = sourcecode.c.h; path = AlbumTableViewController.h; sourceTree = "<group>"; };
		6E41464A1BCDE9060057A359 /* AlbumTableViewController.m */ = {isa = PBXFileReference; fileEncoding = 4; lastKnownFileType = sourcecode.c.objc; path = AlbumTableViewController.m; sourceTree = "<group>"; };
		6E41464C1BCDE9630057A359 /* AlbumTableViewCell.h */ = {isa = PBXFileReference; fileEncoding = 4; lastKnownFileType = sourcecode.c.h; path = AlbumTableViewCell.h; sourceTree = "<group>"; };
		6E41464D1BCDE9630057A359 /* AlbumTableViewCell.m */ = {isa = PBXFileReference; fileEncoding = 4; lastKnownFileType = sourcecode.c.objc; path = AlbumTableViewCell.m; sourceTree = "<group>"; };
		6E44A5ED1BE34CD000A8993C /* MyInfoTableViewController.h */ = {isa = PBXFileReference; fileEncoding = 4; lastKnownFileType = sourcecode.c.h; path = MyInfoTableViewController.h; sourceTree = "<group>"; };
		6E44A5EE1BE34CD000A8993C /* MyInfoTableViewController.m */ = {isa = PBXFileReference; fileEncoding = 4; lastKnownFileType = sourcecode.c.objc; path = MyInfoTableViewController.m; sourceTree = "<group>"; };
		6E44A5F31BE34FF500A8993C /* KeyValueBean.h */ = {isa = PBXFileReference; fileEncoding = 4; lastKnownFileType = sourcecode.c.h; path = KeyValueBean.h; sourceTree = "<group>"; };
		6E44A5F41BE34FF500A8993C /* KeyValueBean.m */ = {isa = PBXFileReference; fileEncoding = 4; lastKnownFileType = sourcecode.c.objc; path = KeyValueBean.m; sourceTree = "<group>"; };
		6E57BE521BDE5911003928BE /* GroupsTypeTabViewController.h */ = {isa = PBXFileReference; fileEncoding = 4; lastKnownFileType = sourcecode.c.h; path = GroupsTypeTabViewController.h; sourceTree = "<group>"; };
		6E57BE531BDE5911003928BE /* GroupsTypeTabViewController.m */ = {isa = PBXFileReference; fileEncoding = 4; lastKnownFileType = sourcecode.c.objc; path = GroupsTypeTabViewController.m; sourceTree = "<group>"; };
		6E57BE551BDE5B97003928BE /* GroupsCollectionViewController.h */ = {isa = PBXFileReference; fileEncoding = 4; lastKnownFileType = sourcecode.c.h; path = GroupsCollectionViewController.h; sourceTree = "<group>"; };
		6E57BE561BDE5B97003928BE /* GroupsCollectionViewController.m */ = {isa = PBXFileReference; fileEncoding = 4; lastKnownFileType = sourcecode.c.objc; path = GroupsCollectionViewController.m; sourceTree = "<group>"; };
		6E583AF61C16BFA000785D00 /* filesByUser.plist */ = {isa = PBXFileReference; fileEncoding = 4; lastKnownFileType = text.plist.xml; path = filesByUser.plist; sourceTree = "<group>"; };
		6E583AF81C16C53300785D00 /* filesByTime.plist */ = {isa = PBXFileReference; fileEncoding = 4; lastKnownFileType = text.plist.xml; path = filesByTime.plist; sourceTree = "<group>"; };
		6E583AFA1C16C86900785D00 /* FileTabViewController.h */ = {isa = PBXFileReference; fileEncoding = 4; lastKnownFileType = sourcecode.c.h; path = FileTabViewController.h; sourceTree = "<group>"; };
		6E583AFB1C16C86900785D00 /* FileTabViewController.m */ = {isa = PBXFileReference; fileEncoding = 4; lastKnownFileType = sourcecode.c.objc; path = FileTabViewController.m; sourceTree = "<group>"; };
		6E5F67BB1BB5379E003B4504 /* FirstViewController.h */ = {isa = PBXFileReference; fileEncoding = 4; lastKnownFileType = sourcecode.c.h; path = FirstViewController.h; sourceTree = "<group>"; };
		6E5F67BC1BB5379E003B4504 /* FirstViewController.m */ = {isa = PBXFileReference; fileEncoding = 4; lastKnownFileType = sourcecode.c.objc; path = FirstViewController.m; sourceTree = "<group>"; };
		6E64935A1C1A7D5700386D54 /* FriendsMainViewController.h */ = {isa = PBXFileReference; fileEncoding = 4; lastKnownFileType = sourcecode.c.h; path = FriendsMainViewController.h; sourceTree = "<group>"; };
		6E64935B1C1A7D5700386D54 /* FriendsMainViewController.m */ = {isa = PBXFileReference; fileEncoding = 4; lastKnownFileType = sourcecode.c.objc; path = FriendsMainViewController.m; sourceTree = "<group>"; };
		6E6565CF1B93FFC4006DE6A0 /* SocietyMainTableViewController.h */ = {isa = PBXFileReference; fileEncoding = 4; lastKnownFileType = sourcecode.c.h; path = SocietyMainTableViewController.h; sourceTree = "<group>"; };
		6E6565D01B93FFC4006DE6A0 /* SocietyMainTableViewController.m */ = {isa = PBXFileReference; fileEncoding = 4; lastKnownFileType = sourcecode.c.objc; path = SocietyMainTableViewController.m; sourceTree = "<group>"; };
		6E68A9261BAF8803001D5E91 /* GroupsCellFooterCollectionReusableView.h */ = {isa = PBXFileReference; fileEncoding = 4; lastKnownFileType = sourcecode.c.h; path = GroupsCellFooterCollectionReusableView.h; sourceTree = "<group>"; };
		6E68A9271BAF8803001D5E91 /* GroupsCellFooterCollectionReusableView.m */ = {isa = PBXFileReference; fileEncoding = 4; lastKnownFileType = sourcecode.c.objc; path = GroupsCellFooterCollectionReusableView.m; sourceTree = "<group>"; };
		6E68A9281BAF8803001D5E91 /* GroupsCellFooterCollectionReusableView.xib */ = {isa = PBXFileReference; fileEncoding = 4; lastKnownFileType = file.xib; path = GroupsCellFooterCollectionReusableView.xib; sourceTree = "<group>"; };
		6E8703691BAA9D1000C2B128 /* GroupsMainCollectionViewCell.h */ = {isa = PBXFileReference; fileEncoding = 4; lastKnownFileType = sourcecode.c.h; path = GroupsMainCollectionViewCell.h; sourceTree = "<group>"; };
		6E87036A1BAA9D1000C2B128 /* GroupsMainCollectionViewCell.m */ = {isa = PBXFileReference; fileEncoding = 4; lastKnownFileType = sourcecode.c.objc; path = GroupsMainCollectionViewCell.m; sourceTree = "<group>"; };
		6E87036B1BAA9D1000C2B128 /* GroupsMainCollectionViewCell.xib */ = {isa = PBXFileReference; fileEncoding = 4; lastKnownFileType = file.xib; path = GroupsMainCollectionViewCell.xib; sourceTree = "<group>"; };
		6E8754481C06C57100917B2A /* AddPicCollectionViewController.h */ = {isa = PBXFileReference; fileEncoding = 4; lastKnownFileType = sourcecode.c.h; path = AddPicCollectionViewController.h; sourceTree = "<group>"; };
		6E8754491C06C57100917B2A /* AddPicCollectionViewController.m */ = {isa = PBXFileReference; fileEncoding = 4; lastKnownFileType = sourcecode.c.objc; path = AddPicCollectionViewController.m; sourceTree = "<group>"; };
		6E88C9D21B8F00F200475EBF /* GeihooGroups4IOS.app */ = {isa = PBXFileReference; explicitFileType = wrapper.application; includeInIndex = 0; path = GeihooGroups4IOS.app; sourceTree = BUILT_PRODUCTS_DIR; };
		6E88C9D61B8F00F200475EBF /* Info.plist */ = {isa = PBXFileReference; lastKnownFileType = text.plist.xml; path = Info.plist; sourceTree = "<group>"; };
		6E88C9D71B8F00F200475EBF /* main.m */ = {isa = PBXFileReference; lastKnownFileType = sourcecode.c.objc; path = main.m; sourceTree = "<group>"; };
		6E88C9DA1B8F00F200475EBF /* AppDelegate.m */ = {isa = PBXFileReference; lastKnownFileType = sourcecode.c.objc; path = AppDelegate.m; sourceTree = "<group>"; };
		6E88C9E21B8F00F200475EBF /* Images.xcassets */ = {isa = PBXFileReference; lastKnownFileType = folder.assetcatalog; path = Images.xcassets; sourceTree = "<group>"; };
		6E88CA231B8F030D00475EBF /* Main.storyboard */ = {isa = PBXFileReference; fileEncoding = 4; lastKnownFileType = file.storyboard; path = Main.storyboard; sourceTree = "<group>"; };
		6E88CA251B8F033200475EBF /* Groups.storyboard */ = {isa = PBXFileReference; fileEncoding = 4; lastKnownFileType = file.storyboard; path = Groups.storyboard; sourceTree = "<group>"; };
		6E88CA261B8F033200475EBF /* RootViewController.h */ = {isa = PBXFileReference; fileEncoding = 4; lastKnownFileType = sourcecode.c.h; path = RootViewController.h; sourceTree = "<group>"; };
		6E88CA271B8F033200475EBF /* RootViewController.m */ = {isa = PBXFileReference; fileEncoding = 4; lastKnownFileType = sourcecode.c.objc; path = RootViewController.m; sourceTree = "<group>"; };
		6E88CA2A1B8F037D00475EBF /* LaunchScreen.xib */ = {isa = PBXFileReference; fileEncoding = 4; lastKnownFileType = file.xib; path = LaunchScreen.xib; sourceTree = "<group>"; };
		6E88CB171B8F04B500475EBF /* SystemPrefixHeader.pch */ = {isa = PBXFileReference; lastKnownFileType = sourcecode.c.h; path = SystemPrefixHeader.pch; sourceTree = "<group>"; };
		6E89ED271BB3D31F009D3EDC /* TrendsViewController.h */ = {isa = PBXFileReference; fileEncoding = 4; lastKnownFileType = sourcecode.c.h; path = TrendsViewController.h; sourceTree = "<group>"; };
		6E89ED281BB3D31F009D3EDC /* TrendsViewController.m */ = {isa = PBXFileReference; fileEncoding = 4; lastKnownFileType = sourcecode.c.objc; path = TrendsViewController.m; sourceTree = "<group>"; };
		6EA6B69C1BA681CF00F65AEA /* RegisterViewController.h */ = {isa = PBXFileReference; fileEncoding = 4; lastKnownFileType = sourcecode.c.h; path = RegisterViewController.h; sourceTree = "<group>"; };
		6EA6B69D1BA681CF00F65AEA /* RegisterViewController.m */ = {isa = PBXFileReference; fileEncoding = 4; lastKnownFileType = sourcecode.c.objc; path = RegisterViewController.m; sourceTree = "<group>"; };
		6EA6B69F1BA69A3B00F65AEA /* LoginViewController.h */ = {isa = PBXFileReference; fileEncoding = 4; lastKnownFileType = sourcecode.c.h; path = LoginViewController.h; sourceTree = "<group>"; };
		6EA6B6A01BA69A3B00F65AEA /* LoginViewController.m */ = {isa = PBXFileReference; fileEncoding = 4; lastKnownFileType = sourcecode.c.objc; path = LoginViewController.m; sourceTree = "<group>"; };
		6EB7CCD11BD63C2900281ACA /* ResultsTableViewController.h */ = {isa = PBXFileReference; fileEncoding = 4; lastKnownFileType = sourcecode.c.h; path = ResultsTableViewController.h; sourceTree = "<group>"; };
		6EB7CCD21BD63C2900281ACA /* ResultsTableViewController.m */ = {isa = PBXFileReference; fileEncoding = 4; lastKnownFileType = sourcecode.c.objc; path = ResultsTableViewController.m; sourceTree = "<group>"; };
		6EB951651C0B3F490026A957 /* MemberTabViewController.h */ = {isa = PBXFileReference; fileEncoding = 4; lastKnownFileType = sourcecode.c.h; path = MemberTabViewController.h; sourceTree = "<group>"; };
		6EB951661C0B3F490026A957 /* MemberTabViewController.m */ = {isa = PBXFileReference; fileEncoding = 4; lastKnownFileType = sourcecode.c.objc; path = MemberTabViewController.m; sourceTree = "<group>"; };
		6EBAA1651BABF21B0063E251 /* GroupsCellHeaderCollectionReusableView.h */ = {isa = PBXFileReference; fileEncoding = 4; lastKnownFileType = sourcecode.c.h; path = GroupsCellHeaderCollectionReusableView.h; sourceTree = "<group>"; };
		6EBAA1661BABF21B0063E251 /* GroupsCellHeaderCollectionReusableView.m */ = {isa = PBXFileReference; fileEncoding = 4; lastKnownFileType = sourcecode.c.objc; path = GroupsCellHeaderCollectionReusableView.m; sourceTree = "<group>"; };
		6EBAA1671BABF21B0063E251 /* GroupsCellHeaderCollectionReusableView.xib */ = {isa = PBXFileReference; fileEncoding = 4; lastKnownFileType = file.xib; path = GroupsCellHeaderCollectionReusableView.xib; sourceTree = "<group>"; };
		6EBC1B671BC7B81400D1A02C /* PhotoTabViewController.h */ = {isa = PBXFileReference; fileEncoding = 4; lastKnownFileType = sourcecode.c.h; path = PhotoTabViewController.h; sourceTree = "<group>"; };
		6EBC1B681BC7B81400D1A02C /* PhotoTabViewController.m */ = {isa = PBXFileReference; fileEncoding = 4; lastKnownFileType = sourcecode.c.objc; path = PhotoTabViewController.m; sourceTree = "<group>"; };
		6EC3972D1BB28D6B00F1BAA4 /* MessageTableViewController.h */ = {isa = PBXFileReference; fileEncoding = 4; lastKnownFileType = sourcecode.c.h; path = MessageTableViewController.h; sourceTree = "<group>"; };
		6EC3972E1BB28D6B00F1BAA4 /* MessageTableViewController.m */ = {isa = PBXFileReference; fileEncoding = 4; lastKnownFileType = sourcecode.c.objc; path = MessageTableViewController.m; sourceTree = "<group>"; };
		6EC5ACBD1BCB9CA4006F6280 /* ActivityTableViewCell.h */ = {isa = PBXFileReference; fileEncoding = 4; lastKnownFileType = sourcecode.c.h; path = ActivityTableViewCell.h; sourceTree = "<group>"; };
		6EC5ACBE1BCB9CA4006F6280 /* ActivityTableViewCell.m */ = {isa = PBXFileReference; fileEncoding = 4; lastKnownFileType = sourcecode.c.objc; path = ActivityTableViewCell.m; sourceTree = "<group>"; };
		6EC5ACBF1BCB9CA4006F6280 /* ActivityTableViewCell.xib */ = {isa = PBXFileReference; fileEncoding = 4; lastKnownFileType = file.xib; path = ActivityTableViewCell.xib; sourceTree = "<group>"; };
		6EC5ACC21BCBB338006F6280 /* PresentActivityTableViewController.h */ = {isa = PBXFileReference; fileEncoding = 4; lastKnownFileType = sourcecode.c.h; path = PresentActivityTableViewController.h; sourceTree = "<group>"; };
		6EC5ACC31BCBB338006F6280 /* PresentActivityTableViewController.m */ = {isa = PBXFileReference; fileEncoding = 4; lastKnownFileType = sourcecode.c.objc; path = PresentActivityTableViewController.m; sourceTree = "<group>"; };
		6EC648271BCB475D00457E4E /* GroupsMain.storyboard */ = {isa = PBXFileReference; fileEncoding = 4; lastKnownFileType = file.storyboard; path = GroupsMain.storyboard; sourceTree = "<group>"; };
		6EC648291BCB4B6D00457E4E /* Contacts.storyboard */ = {isa = PBXFileReference; fileEncoding = 4; lastKnownFileType = file.storyboard; path = Contacts.storyboard; sourceTree = "<group>"; };
		6EC6482B1BCB4DBA00457E4E /* Trends.storyboard */ = {isa = PBXFileReference; fileEncoding = 4; lastKnownFileType = file.storyboard; path = Trends.storyboard; sourceTree = "<group>"; };
		6EC6482D1BCB4E1F00457E4E /* Me.storyboard */ = {isa = PBXFileReference; fileEncoding = 4; lastKnownFileType = file.storyboard; path = Me.storyboard; sourceTree = "<group>"; };
		6EC6482F1BCB556100457E4E /* SocietyMain.storyboard */ = {isa = PBXFileReference; fileEncoding = 4; lastKnownFileType = file.storyboard; path = SocietyMain.storyboard; sourceTree = "<group>"; };
		6EC648311BCB55AF00457E4E /* Photo.storyboard */ = {isa = PBXFileReference; fileEncoding = 4; lastKnownFileType = file.storyboard; path = Photo.storyboard; sourceTree = "<group>"; };
		6EC648331BCB563C00457E4E /* Activity.storyboard */ = {isa = PBXFileReference; fileEncoding = 4; lastKnownFileType = file.storyboard; path = Activity.storyboard; sourceTree = "<group>"; };
		6EC648351BCB567500457E4E /* More.storyboard */ = {isa = PBXFileReference; fileEncoding = 4; lastKnownFileType = file.storyboard; path = More.storyboard; sourceTree = "<group>"; };
		6ECFE0F11C044B98002EB5A0 /* AddMemberViewController.h */ = {isa = PBXFileReference; fileEncoding = 4; lastKnownFileType = sourcecode.c.h; path = AddMemberViewController.h; sourceTree = "<group>"; };
		6ECFE0F21C044B98002EB5A0 /* AddMemberViewController.m */ = {isa = PBXFileReference; fileEncoding = 4; lastKnownFileType = sourcecode.c.objc; path = AddMemberViewController.m; sourceTree = "<group>"; };
		6ED17EFE1C1032E500978BCF /* NSDictionary+StringAttributeForKey.h */ = {isa = PBXFileReference; fileEncoding = 4; lastKnownFileType = sourcecode.c.h; path = "NSDictionary+StringAttributeForKey.h"; sourceTree = "<group>"; };
		6ED17EFF1C1032E500978BCF /* NSDictionary+StringAttributeForKey.m */ = {isa = PBXFileReference; fileEncoding = 4; lastKnownFileType = sourcecode.c.objc; path = "NSDictionary+StringAttributeForKey.m"; sourceTree = "<group>"; };
		6ED17F001C1032E500978BCF /* UIImage+ImageAddition.h */ = {isa = PBXFileReference; fileEncoding = 4; lastKnownFileType = sourcecode.c.h; path = "UIImage+ImageAddition.h"; sourceTree = "<group>"; };
		6ED17F011C1032E500978BCF /* UIImage+ImageAddition.m */ = {isa = PBXFileReference; fileEncoding = 4; lastKnownFileType = sourcecode.c.objc; path = "UIImage+ImageAddition.m"; sourceTree = "<group>"; };
		6ED17F021C1032E500978BCF /* UIView+ViewAddition.h */ = {isa = PBXFileReference; fileEncoding = 4; lastKnownFileType = sourcecode.c.h; path = "UIView+ViewAddition.h"; sourceTree = "<group>"; };
		6ED17F031C1032E500978BCF /* UIView+ViewAddition.m */ = {isa = PBXFileReference; fileEncoding = 4; lastKnownFileType = sourcecode.c.objc; path = "UIView+ViewAddition.m"; sourceTree = "<group>"; };
		6ED17F041C1032E500978BCF /* UIViewController+Addition.h */ = {isa = PBXFileReference; fileEncoding = 4; lastKnownFileType = sourcecode.c.h; path = "UIViewController+Addition.h"; sourceTree = "<group>"; };
		6ED17F051C1032E500978BCF /* UIViewController+Addition.m */ = {isa = PBXFileReference; fileEncoding = 4; lastKnownFileType = sourcecode.c.objc; path = "UIViewController+Addition.m"; sourceTree = "<group>"; };
		6ED17F071C1032E500978BCF /* BasicTableViewCell.h */ = {isa = PBXFileReference; fileEncoding = 4; lastKnownFileType = sourcecode.c.h; path = BasicTableViewCell.h; sourceTree = "<group>"; };
		6ED17F081C1032E500978BCF /* BasicTableViewCell.m */ = {isa = PBXFileReference; fileEncoding = 4; lastKnownFileType = sourcecode.c.objc; path = BasicTableViewCell.m; sourceTree = "<group>"; };
		6ED17F091C1032E500978BCF /* BasicTableViewCell.xib */ = {isa = PBXFileReference; fileEncoding = 4; lastKnownFileType = file.xib; path = BasicTableViewCell.xib; sourceTree = "<group>"; };
		6ED17F0A1C1032E500978BCF /* RoleTableViewCell.h */ = {isa = PBXFileReference; fileEncoding = 4; lastKnownFileType = sourcecode.c.h; path = RoleTableViewCell.h; sourceTree = "<group>"; };
		6ED17F0B1C1032E500978BCF /* RoleTableViewCell.m */ = {isa = PBXFileReference; fileEncoding = 4; lastKnownFileType = sourcecode.c.objc; path = RoleTableViewCell.m; sourceTree = "<group>"; };
		6ED17F0C1C1032E500978BCF /* RoleTableViewCell.xib */ = {isa = PBXFileReference; fileEncoding = 4; lastKnownFileType = file.xib; path = RoleTableViewCell.xib; sourceTree = "<group>"; };
		6ED17F0D1C1032E500978BCF /* SocietyPostsTableViewCell.h */ = {isa = PBXFileReference; fileEncoding = 4; lastKnownFileType = sourcecode.c.h; path = SocietyPostsTableViewCell.h; sourceTree = "<group>"; };
		6ED17F0E1C1032E500978BCF /* SocietyPostsTableViewCell.m */ = {isa = PBXFileReference; fileEncoding = 4; lastKnownFileType = sourcecode.c.objc; path = SocietyPostsTableViewCell.m; sourceTree = "<group>"; };
		6ED17F0F1C1032E500978BCF /* SocietyPostsTableViewCell.xib */ = {isa = PBXFileReference; fileEncoding = 4; lastKnownFileType = file.xib; path = SocietyPostsTableViewCell.xib; sourceTree = "<group>"; };
		6ED17F111C1032E500978BCF /* CircleImageButton.h */ = {isa = PBXFileReference; fileEncoding = 4; lastKnownFileType = sourcecode.c.h; path = CircleImageButton.h; sourceTree = "<group>"; };
		6ED17F121C1032E500978BCF /* CircleImageButton.m */ = {isa = PBXFileReference; fileEncoding = 4; lastKnownFileType = sourcecode.c.objc; path = CircleImageButton.m; sourceTree = "<group>"; };
		6ED17F131C1032E500978BCF /* CircleImageView.h */ = {isa = PBXFileReference; fileEncoding = 4; lastKnownFileType = sourcecode.c.h; path = CircleImageView.h; sourceTree = "<group>"; };
		6ED17F141C1032E500978BCF /* CircleImageView.m */ = {isa = PBXFileReference; fileEncoding = 4; lastKnownFileType = sourcecode.c.objc; path = CircleImageView.m; sourceTree = "<group>"; };
		6ED17F161C1032E500978BCF /* JPTabViewController.h */ = {isa = PBXFileReference; fileEncoding = 4; lastKnownFileType = sourcecode.c.h; path = JPTabViewController.h; sourceTree = "<group>"; };
		6ED17F171C1032E500978BCF /* JPTabViewController.m */ = {isa = PBXFileReference; fileEncoding = 4; lastKnownFileType = sourcecode.c.objc; path = JPTabViewController.m; sourceTree = "<group>"; };
		6ED17F191C1032E500978BCF /* ABSWaterFlowLayout.h */ = {isa = PBXFileReference; fileEncoding = 4; lastKnownFileType = sourcecode.c.h; path = ABSWaterFlowLayout.h; sourceTree = "<group>"; };
		6ED17F1A1C1032E500978BCF /* ABSWaterFlowLayout.m */ = {isa = PBXFileReference; fileEncoding = 4; lastKnownFileType = sourcecode.c.objc; path = ABSWaterFlowLayout.m; sourceTree = "<group>"; };
		6ED17F1C1C1032E500978BCF /* MyDatePickerView.h */ = {isa = PBXFileReference; fileEncoding = 4; lastKnownFileType = sourcecode.c.h; path = MyDatePickerView.h; sourceTree = "<group>"; };
		6ED17F1D1C1032E500978BCF /* MyDatePickerView.m */ = {isa = PBXFileReference; fileEncoding = 4; lastKnownFileType = sourcecode.c.objc; path = MyDatePickerView.m; sourceTree = "<group>"; };
		6ED17F1E1C1032E500978BCF /* MyDatePickerView.xib */ = {isa = PBXFileReference; fileEncoding = 4; lastKnownFileType = file.xib; path = MyDatePickerView.xib; sourceTree = "<group>"; };
		6ED17F201C1032E500978BCF /* PlaceholderTextView.h */ = {isa = PBXFileReference; fileEncoding = 4; lastKnownFileType = sourcecode.c.h; path = PlaceholderTextView.h; sourceTree = "<group>"; };
		6ED17F211C1032E500978BCF /* PlaceholderTextView.m */ = {isa = PBXFileReference; fileEncoding = 4; lastKnownFileType = sourcecode.c.objc; path = PlaceholderTextView.m; sourceTree = "<group>"; };
		6ED17F231C1032E500978BCF /* SystemParaManager.h */ = {isa = PBXFileReference; fileEncoding = 4; lastKnownFileType = sourcecode.c.h; path = SystemParaManager.h; sourceTree = "<group>"; };
		6ED17F241C1032E500978BCF /* SystemParaManager.m */ = {isa = PBXFileReference; fileEncoding = 4; lastKnownFileType = sourcecode.c.objc; path = SystemParaManager.m; sourceTree = "<group>"; };
		6ED17F3F1C10463200978BCF /* AddrSelectViewController.h */ = {isa = PBXFileReference; fileEncoding = 4; lastKnownFileType = sourcecode.c.h; path = AddrSelectViewController.h; sourceTree = "<group>"; };
		6ED17F401C10463200978BCF /* AddrSelectViewController.m */ = {isa = PBXFileReference; fileEncoding = 4; lastKnownFileType = sourcecode.c.objc; path = AddrSelectViewController.m; sourceTree = "<group>"; };
		6ED17F421C10543F00978BCF /* SocietySetingTableViewController.h */ = {isa = PBXFileReference; fileEncoding = 4; lastKnownFileType = sourcecode.c.h; path = SocietySetingTableViewController.h; sourceTree = "<group>"; };
		6ED17F431C10543F00978BCF /* SocietySetingTableViewController.m */ = {isa = PBXFileReference; fileEncoding = 4; lastKnownFileType = sourcecode.c.objc; path = SocietySetingTableViewController.m; sourceTree = "<group>"; };
		6ED3D88D1C05CB5F00A2159E /* PostDetailTableViewController.h */ = {isa = PBXFileReference; fileEncoding = 4; lastKnownFileType = sourcecode.c.h; path = PostDetailTableViewController.h; sourceTree = "<group>"; };
		6ED3D88E1C05CB5F00A2159E /* PostDetailTableViewController.m */ = {isa = PBXFileReference; fileEncoding = 4; lastKnownFileType = sourcecode.c.objc; path = PostDetailTableViewController.m; sourceTree = "<group>"; };
		6ED3D8901C05CBA100A2159E /* CommentTableViewCell.h */ = {isa = PBXFileReference; fileEncoding = 4; lastKnownFileType = sourcecode.c.h; path = CommentTableViewCell.h; sourceTree = "<group>"; };
		6ED3D8911C05CBA100A2159E /* CommentTableViewCell.m */ = {isa = PBXFileReference; fileEncoding = 4; lastKnownFileType = sourcecode.c.objc; path = CommentTableViewCell.m; sourceTree = "<group>"; };
		6ED83C761C0C340100BF1E1A /* ActivityDetailViewController.h */ = {isa = PBXFileReference; fileEncoding = 4; lastKnownFileType = sourcecode.c.h; path = ActivityDetailViewController.h; sourceTree = "<group>"; };
		6ED83C771C0C340100BF1E1A /* ActivityDetailViewController.m */ = {isa = PBXFileReference; fileEncoding = 4; lastKnownFileType = sourcecode.c.objc; path = ActivityDetailViewController.m; sourceTree = "<group>"; };
		6ED83C791C0C3BF800BF1E1A /* ActivityMainViewController.h */ = {isa = PBXFileReference; fileEncoding = 4; lastKnownFileType = sourcecode.c.h; path = ActivityMainViewController.h; sourceTree = "<group>"; };
		6ED83C7A1C0C3BF800BF1E1A /* ActivityMainViewController.m */ = {isa = PBXFileReference; fileEncoding = 4; lastKnownFileType = sourcecode.c.objc; path = ActivityMainViewController.m; sourceTree = "<group>"; };
		6ED9001F1BB25155008D0D0C /* MessageTableViewCell.h */ = {isa = PBXFileReference; fileEncoding = 4; lastKnownFileType = sourcecode.c.h; path = MessageTableViewCell.h; sourceTree = "<group>"; };
		6ED900201BB25155008D0D0C /* MessageTableViewCell.m */ = {isa = PBXFileReference; fileEncoding = 4; lastKnownFileType = sourcecode.c.objc; path = MessageTableViewCell.m; sourceTree = "<group>"; };
		6ED900211BB25155008D0D0C /* MessageTableViewCell.xib */ = {isa = PBXFileReference; fileEncoding = 4; lastKnownFileType = file.xib; path = MessageTableViewCell.xib; sourceTree = "<group>"; };
		6ED929131C06B7C900E0EF37 /* PhotoMainViewController.h */ = {isa = PBXFileReference; fileEncoding = 4; lastKnownFileType = sourcecode.c.h; path = PhotoMainViewController.h; sourceTree = "<group>"; };
		6ED929141C06B7C900E0EF37 /* PhotoMainViewController.m */ = {isa = PBXFileReference; fileEncoding = 4; lastKnownFileType = sourcecode.c.objc; path = PhotoMainViewController.m; sourceTree = "<group>"; };
		6EDCE1FC1C01C821002789FB /* TypeCollectionViewController.h */ = {isa = PBXFileReference; fileEncoding = 4; lastKnownFileType = sourcecode.c.h; path = TypeCollectionViewController.h; sourceTree = "<group>"; };
		6EDCE1FD1C01C821002789FB /* TypeCollectionViewController.m */ = {isa = PBXFileReference; fileEncoding = 4; lastKnownFileType = sourcecode.c.objc; path = TypeCollectionViewController.m; sourceTree = "<group>"; };
		6EEF725B1BCA3B7E006939EE /* PhotoCollectionViewCell.h */ = {isa = PBXFileReference; fileEncoding = 4; lastKnownFileType = sourcecode.c.h; path = PhotoCollectionViewCell.h; sourceTree = "<group>"; };
		6EEF725C1BCA3B7E006939EE /* PhotoCollectionViewCell.m */ = {isa = PBXFileReference; fileEncoding = 4; lastKnownFileType = sourcecode.c.objc; path = PhotoCollectionViewCell.m; sourceTree = "<group>"; };
		6EEF725E1BCA4873006939EE /* Photo.h */ = {isa = PBXFileReference; fileEncoding = 4; lastKnownFileType = sourcecode.c.h; path = Photo.h; sourceTree = "<group>"; };
		6EEF725F1BCA4873006939EE /* Photo.m */ = {isa = PBXFileReference; fileEncoding = 4; lastKnownFileType = sourcecode.c.objc; path = Photo.m; sourceTree = "<group>"; };
		6EEF72641BCA4BCA006939EE /* PhotoCollectionViewController.h */ = {isa = PBXFileReference; fileEncoding = 4; lastKnownFileType = sourcecode.c.h; path = PhotoCollectionViewController.h; sourceTree = "<group>"; };
		6EEF72651BCA4BCA006939EE /* PhotoCollectionViewController.m */ = {isa = PBXFileReference; fileEncoding = 4; lastKnownFileType = sourcecode.c.objc; path = PhotoCollectionViewController.m; sourceTree = "<group>"; };
		6EEF72671BCA4D31006939EE /* 1.plist */ = {isa = PBXFileReference; fileEncoding = 4; lastKnownFileType = text.plist.xml; path = 1.plist; sourceTree = "<group>"; };
		6EF1C1881C054B4000E34F6C /* MesPostViewController.h */ = {isa = PBXFileReference; fileEncoding = 4; lastKnownFileType = sourcecode.c.h; path = MesPostViewController.h; sourceTree = "<group>"; };
		6EF1C1891C054B4000E34F6C /* MesPostViewController.m */ = {isa = PBXFileReference; fileEncoding = 4; lastKnownFileType = sourcecode.c.objc; path = MesPostViewController.m; sourceTree = "<group>"; };
		6EF1C1971C05655C00E34F6C /* PostPicViewController.h */ = {isa = PBXFileReference; fileEncoding = 4; lastKnownFileType = sourcecode.c.h; path = PostPicViewController.h; sourceTree = "<group>"; };
		6EF1C1981C05655C00E34F6C /* PostPicViewController.m */ = {isa = PBXFileReference; fileEncoding = 4; lastKnownFileType = sourcecode.c.objc; path = PostPicViewController.m; sourceTree = "<group>"; };
		6EF1C19A1C05659800E34F6C /* PicCollectionViewCell.h */ = {isa = PBXFileReference; fileEncoding = 4; lastKnownFileType = sourcecode.c.h; path = PicCollectionViewCell.h; sourceTree = "<group>"; };
		6EF1C19B1C05659800E34F6C /* PicCollectionViewCell.m */ = {isa = PBXFileReference; fileEncoding = 4; lastKnownFileType = sourcecode.c.objc; path = PicCollectionViewCell.m; sourceTree = "<group>"; };
		6EF3CBA51BE219A10096C206 /* AppDelegate.h */ = {isa = PBXFileReference; lastKnownFileType = sourcecode.c.h; path = AppDelegate.h; sourceTree = "<group>"; };
		6EFBB6AF1BE0C5D20088308D /* EditCommentTableViewCell.h */ = {isa = PBXFileReference; fileEncoding = 4; lastKnownFileType = sourcecode.c.h; path = EditCommentTableViewCell.h; sourceTree = "<group>"; };
		6EFBB6B01BE0C5D20088308D /* EditCommentTableViewCell.m */ = {isa = PBXFileReference; fileEncoding = 4; lastKnownFileType = sourcecode.c.objc; path = EditCommentTableViewCell.m; sourceTree = "<group>"; };
		6EFBB6B11BE0C5D20088308D /* EditCommentTableViewCell.xib */ = {isa = PBXFileReference; fileEncoding = 4; lastKnownFileType = file.xib; path = EditCommentTableViewCell.xib; sourceTree = "<group>"; };
		6EFE44F21BDA3172001F0600 /* CommontEditViewController.h */ = {isa = PBXFileReference; fileEncoding = 4; lastKnownFileType = sourcecode.c.h; path = CommontEditViewController.h; sourceTree = "<group>"; };
		6EFE44F31BDA3172001F0600 /* CommontEditViewController.m */ = {isa = PBXFileReference; fileEncoding = 4; lastKnownFileType = sourcecode.c.objc; path = CommontEditViewController.m; sourceTree = "<group>"; };
		6EFF1A111C0AAB7B00F8040E /* BannedTableViewController.h */ = {isa = PBXFileReference; fileEncoding = 4; lastKnownFileType = sourcecode.c.h; path = BannedTableViewController.h; sourceTree = "<group>"; };
		6EFF1A121C0AAB7B00F8040E /* BannedTableViewController.m */ = {isa = PBXFileReference; fileEncoding = 4; lastKnownFileType = sourcecode.c.objc; path = BannedTableViewController.m; sourceTree = "<group>"; };
		6EFF1A141C0ADB1700F8040E /* MemberShipViewController.h */ = {isa = PBXFileReference; fileEncoding = 4; lastKnownFileType = sourcecode.c.h; path = MemberShipViewController.h; sourceTree = "<group>"; };
		6EFF1A151C0ADB1700F8040E /* MemberShipViewController.m */ = {isa = PBXFileReference; fileEncoding = 4; lastKnownFileType = sourcecode.c.objc; path = MemberShipViewController.m; sourceTree = "<group>"; };
		9D42CC4CEEAE03A8DE0B41CB /* Pods.debug.xcconfig */ = {isa = PBXFileReference; includeInIndex = 1; lastKnownFileType = text.xcconfig; name = Pods.debug.xcconfig; path = "Pods/Target Support Files/Pods/Pods.debug.xcconfig"; sourceTree = "<group>"; };
		E3DF88410C12350B6572A63B /* libPods.a */ = {isa = PBXFileReference; explicitFileType = archive.ar; includeInIndex = 0; path = libPods.a; sourceTree = BUILT_PRODUCTS_DIR; };
/* End PBXFileReference section */

/* Begin PBXFrameworksBuildPhase section */
		6E88C9CF1B8F00F200475EBF /* Frameworks */ = {
			isa = PBXFrameworksBuildPhase;
			buildActionMask = 2147483647;
			files = (
				FF13E3C8706353C746BC7669 /* libPods.a in Frameworks */,
			);
			runOnlyForDeploymentPostprocessing = 0;
		};
/* End PBXFrameworksBuildPhase section */

/* Begin PBXGroup section */
		45541CDD1B9052DE006C6E1D /* Society Storyboard */ = {
			isa = PBXGroup;
			children = (
				45541CDE1B90531F006C6E1D /* Society.storyboard */,
				6EBC1B601BC7B4ED00D1A02C /* Main */,
				6EBC1B611BC7B50900D1A02C /* Photo */,
				6EBC1B621BC7B51E00D1A02C /* Activity */,
				6EBC1B631BC7B52C00D1A02C /* More */,
			);
			name = "Society Storyboard";
			sourceTree = "<group>";
		};
		5CF744C2A296A80261C62805 /* Frameworks */ = {
			isa = PBXGroup;
			children = (
				065A9B864BA818B471710485 /* libPods-GeihooGroups4IOSTests.a */,
				E3DF88410C12350B6572A63B /* libPods.a */,
			);
			name = Frameworks;
			sourceTree = "<group>";
		};
		6E01AEDA1B9D81AB00B4FE99 /* GroupsEntities */ = {
			isa = PBXGroup;
			children = (
				6E087E6D1C1682B400ED63BA /* CommonCellBean.h */,
				6E087E7C1C1687A400ED63BA /* CommonCellBean.m */,
				6E087E6F1C1682B400ED63BA /* CommonCellBeanGroup.h */,
				6E087E701C1682B400ED63BA /* CommonCellBeanGroup.m */,
				6E44A5F31BE34FF500A8993C /* KeyValueBean.h */,
				6E44A5F41BE34FF500A8993C /* KeyValueBean.m */,
				6EEF725E1BCA4873006939EE /* Photo.h */,
				6EEF725F1BCA4873006939EE /* Photo.m */,
				6E1C0E631BD74152006889C3 /* SocietyBean.h */,
				6E1C0E641BD74152006889C3 /* SocietyBean.m */,
				6E01AEDB1B9D822600B4FE99 /* SocietyPostBeans.h */,
				6E01AEDC1B9D822600B4FE99 /* SocietyPostBeans.m */,
			);
			name = GroupsEntities;
			sourceTree = "<group>";
		};
		6E104B6B1BB916740055015C /* Me */ = {
			isa = PBXGroup;
			children = (
				6EC6482D1BCB4E1F00457E4E /* Me.storyboard */,
				6E104B6C1BB916CE0055015C /* MeViewController.h */,
				6E104B6D1BB916CE0055015C /* MeViewController.m */,
				6E44A5ED1BE34CD000A8993C /* MyInfoTableViewController.h */,
				6E44A5EE1BE34CD000A8993C /* MyInfoTableViewController.m */,
			);
			name = Me;
			sourceTree = "<group>";
		};
		6E88C9C91B8F00F200475EBF = {
			isa = PBXGroup;
			children = (
				6E88C9D41B8F00F200475EBF /* GeihooGroups4IOS */,
				5CF744C2A296A80261C62805 /* Frameworks */,
				BD2ED29A77EA2AD69C0C3C0D /* Pods */,
				6E88C9D31B8F00F200475EBF /* Products */,
			);
			sourceTree = "<group>";
		};
		6E88C9D31B8F00F200475EBF /* Products */ = {
			isa = PBXGroup;
			children = (
				6E88C9D21B8F00F200475EBF /* GeihooGroups4IOS.app */,
			);
			name = Products;
			sourceTree = "<group>";
		};
		6E88C9D41B8F00F200475EBF /* GeihooGroups4IOS */ = {
			isa = PBXGroup;
			children = (
				6E88CA211B8F02A800475EBF /* Main Storyboard */,
				6E88CA221B8F02CD00475EBF /* Groups Storyboard */,
				45541CDD1B9052DE006C6E1D /* Society Storyboard */,
				6E01AEDA1B9D81AB00B4FE99 /* GroupsEntities */,
				6ED17EFC1C1032E500978BCF /* Utils */,
				6EF3CBA51BE219A10096C206 /* AppDelegate.h */,
				6E88C9DA1B8F00F200475EBF /* AppDelegate.m */,
				6E88CA2A1B8F037D00475EBF /* LaunchScreen.xib */,
				6E88C9D51B8F00F200475EBF /* Supporting Files */,
			);
			path = GeihooGroups4IOS;
			sourceTree = "<group>";
		};
		6E88C9D51B8F00F200475EBF /* Supporting Files */ = {
			isa = PBXGroup;
			children = (
				6E88C9E21B8F00F200475EBF /* Images.xcassets */,
				6E583AF81C16C53300785D00 /* filesByTime.plist */,
				6E087E631C167AE400ED63BA /* filesByType.plist */,
				6E583AF61C16BFA000785D00 /* filesByUser.plist */,
				6EEF72671BCA4D31006939EE /* 1.plist */,
				6E88C9D61B8F00F200475EBF /* Info.plist */,
				6E88C9D71B8F00F200475EBF /* main.m */,
				6E88CB171B8F04B500475EBF /* SystemPrefixHeader.pch */,
			);
			name = "Supporting Files";
			sourceTree = "<group>";
		};
		6E88CA211B8F02A800475EBF /* Main Storyboard */ = {
			isa = PBXGroup;
			children = (
				6E88CA231B8F030D00475EBF /* Main.storyboard */,
				6E5F67BB1BB5379E003B4504 /* FirstViewController.h */,
				6E5F67BC1BB5379E003B4504 /* FirstViewController.m */,
				6EA6B69F1BA69A3B00F65AEA /* LoginViewController.h */,
				6EA6B6A01BA69A3B00F65AEA /* LoginViewController.m */,
				6EA6B69C1BA681CF00F65AEA /* RegisterViewController.h */,
				6EA6B69D1BA681CF00F65AEA /* RegisterViewController.m */,
			);
			name = "Main Storyboard";
			sourceTree = "<group>";
		};
		6E88CA221B8F02CD00475EBF /* Groups Storyboard */ = {
			isa = PBXGroup;
			children = (
				6ED9001D1BB24F08008D0D0C /* Main */,
				6ED9001E1BB24F8A008D0D0C /* Contacts */,
				6E89ED261BB3D1F4009D3EDC /* Trends */,
				6E104B6B1BB916740055015C /* Me */,
				6E88CA251B8F033200475EBF /* Groups.storyboard */,
				6E88CA261B8F033200475EBF /* RootViewController.h */,
				6E88CA271B8F033200475EBF /* RootViewController.m */,
			);
			name = "Groups Storyboard";
			sourceTree = "<group>";
		};
		6E89ED261BB3D1F4009D3EDC /* Trends */ = {
			isa = PBXGroup;
			children = (
				6EC6482B1BCB4DBA00457E4E /* Trends.storyboard */,
				6E89ED271BB3D31F009D3EDC /* TrendsViewController.h */,
				6E89ED281BB3D31F009D3EDC /* TrendsViewController.m */,
			);
			indentWidth = 4;
			name = Trends;
			sourceTree = "<group>";
			tabWidth = 4;
		};
		6EBC1B601BC7B4ED00D1A02C /* Main */ = {
			isa = PBXGroup;
			children = (
				6EC6482F1BCB556100457E4E /* SocietyMain.storyboard */,
				6ECFE0F11C044B98002EB5A0 /* AddMemberViewController.h */,
				6ECFE0F21C044B98002EB5A0 /* AddMemberViewController.m */,
				6E1C261F1C09F5EA00958B28 /* AdminListTableViewController.h */,
				6E1C26201C09F5EA00958B28 /* AdminListTableViewController.m */,
				6EFF1A111C0AAB7B00F8040E /* BannedTableViewController.h */,
				6EFF1A121C0AAB7B00F8040E /* BannedTableViewController.m */,
				6ED3D8901C05CBA100A2159E /* CommentTableViewCell.h */,
				6ED3D8911C05CBA100A2159E /* CommentTableViewCell.m */,
				6EFF1A141C0ADB1700F8040E /* MemberShipViewController.h */,
				6EFF1A151C0ADB1700F8040E /* MemberShipViewController.m */,
				6EB951651C0B3F490026A957 /* MemberTabViewController.h */,
				6EB951661C0B3F490026A957 /* MemberTabViewController.m */,
				6EF1C1881C054B4000E34F6C /* MesPostViewController.h */,
				6EF1C1891C054B4000E34F6C /* MesPostViewController.m */,
				6EF1C19A1C05659800E34F6C /* PicCollectionViewCell.h */,
				6EF1C19B1C05659800E34F6C /* PicCollectionViewCell.m */,
				6ED3D88D1C05CB5F00A2159E /* PostDetailTableViewController.h */,
				6ED3D88E1C05CB5F00A2159E /* PostDetailTableViewController.m */,
				6EF1C1971C05655C00E34F6C /* PostPicViewController.h */,
				6EF1C1981C05655C00E34F6C /* PostPicViewController.m */,
				6E6565CF1B93FFC4006DE6A0 /* SocietyMainTableViewController.h */,
				6E6565D01B93FFC4006DE6A0 /* SocietyMainTableViewController.m */,
			);
			name = Main;
			sourceTree = "<group>";
		};
		6EBC1B611BC7B50900D1A02C /* Photo */ = {
			isa = PBXGroup;
			children = (
				6EC648311BCB55AF00457E4E /* Photo.storyboard */,
				6E8754481C06C57100917B2A /* AddPicCollectionViewController.h */,
				6E8754491C06C57100917B2A /* AddPicCollectionViewController.m */,
				6E41464C1BCDE9630057A359 /* AlbumTableViewCell.h */,
				6E41464D1BCDE9630057A359 /* AlbumTableViewCell.m */,
				6E4146491BCDE9060057A359 /* AlbumTableViewController.h */,
				6E41464A1BCDE9060057A359 /* AlbumTableViewController.m */,
				6EEF725B1BCA3B7E006939EE /* PhotoCollectionViewCell.h */,
				6EEF725C1BCA3B7E006939EE /* PhotoCollectionViewCell.m */,
				6EEF72641BCA4BCA006939EE /* PhotoCollectionViewController.h */,
				6EEF72651BCA4BCA006939EE /* PhotoCollectionViewController.m */,
				6ED929131C06B7C900E0EF37 /* PhotoMainViewController.h */,
				6ED929141C06B7C900E0EF37 /* PhotoMainViewController.m */,
				6EBC1B671BC7B81400D1A02C /* PhotoTabViewController.h */,
				6EBC1B681BC7B81400D1A02C /* PhotoTabViewController.m */,
			);
			name = Photo;
			sourceTree = "<group>";
		};
		6EBC1B621BC7B51E00D1A02C /* Activity */ = {
			isa = PBXGroup;
			children = (
				6EC648331BCB563C00457E4E /* Activity.storyboard */,
				6ED83C761C0C340100BF1E1A /* ActivityDetailViewController.h */,
				6ED83C771C0C340100BF1E1A /* ActivityDetailViewController.m */,
				6ED83C791C0C3BF800BF1E1A /* ActivityMainViewController.h */,
				6ED83C7A1C0C3BF800BF1E1A /* ActivityMainViewController.m */,
				6EC5ACBD1BCB9CA4006F6280 /* ActivityTableViewCell.h */,
				6EC5ACBE1BCB9CA4006F6280 /* ActivityTableViewCell.m */,
				6EC5ACBF1BCB9CA4006F6280 /* ActivityTableViewCell.xib */,
				6E1A4B5F1BCC95EE003CD31D /* ActivityTabViewController.h */,
				6E1A4B601BCC95EE003CD31D /* ActivityTabViewController.m */,
				6E263C881C0EC1C3004CFE33 /* AddActivityViewController.h */,
				6E263C891C0EC1C3004CFE33 /* AddActivityViewController.m */,
				6E1A4B5C1BCC93B0003CD31D /* PastActivityTableViewController.h */,
				6E1A4B5D1BCC93B0003CD31D /* PastActivityTableViewController.m */,
				6EC5ACC21BCBB338006F6280 /* PresentActivityTableViewController.h */,
				6EC5ACC31BCBB338006F6280 /* PresentActivityTableViewController.m */,
				6ED17F3F1C10463200978BCF /* AddrSelectViewController.h */,
				6ED17F401C10463200978BCF /* AddrSelectViewController.m */,
			);
			name = Activity;
			sourceTree = "<group>";
		};
		6EBC1B631BC7B52C00D1A02C /* More */ = {
			isa = PBXGroup;
			children = (
				6EC648351BCB567500457E4E /* More.storyboard */,
				6E087E731C1683AD00ED63BA /* FileViewController.h */,
				6E087E741C1683AD00ED63BA /* FileViewController.m */,
				6E1A4B621BCCAAA8003CD31D /* MoreTableViewController.h */,
				6E1A4B631BCCAAA8003CD31D /* MoreTableViewController.m */,
				6ED17F421C10543F00978BCF /* SocietySetingTableViewController.h */,
				6ED17F431C10543F00978BCF /* SocietySetingTableViewController.m */,
				6E583AFA1C16C86900785D00 /* FileTabViewController.h */,
				6E583AFB1C16C86900785D00 /* FileTabViewController.m */,
			);
			name = More;
			sourceTree = "<group>";
		};
		6ED17EFC1C1032E500978BCF /* Utils */ = {
			isa = PBXGroup;
			children = (
				6E087E641C167AE400ED63BA /* HeadView.h */,
				6E087E651C167AE400ED63BA /* HeadView.m */,
				6ED17EFD1C1032E500978BCF /* Addition */,
				6ED17F061C1032E500978BCF /* Cell */,
				6ED17F101C1032E500978BCF /* CircleUtil */,
				6ED17F151C1032E500978BCF /* JPTabViewController */,
				6ED17F181C1032E500978BCF /* Layout */,
				6ED17F1B1C1032E500978BCF /* MyDatePickerView */,
				6ED17F1F1C1032E500978BCF /* PlaceholderTextView */,
				6ED17F221C1032E500978BCF /* System */,
			);
			path = Utils;
			sourceTree = "<group>";
		};
		6ED17EFD1C1032E500978BCF /* Addition */ = {
			isa = PBXGroup;
			children = (
				6ED17EFE1C1032E500978BCF /* NSDictionary+StringAttributeForKey.h */,
				6ED17EFF1C1032E500978BCF /* NSDictionary+StringAttributeForKey.m */,
				6ED17F001C1032E500978BCF /* UIImage+ImageAddition.h */,
				6ED17F011C1032E500978BCF /* UIImage+ImageAddition.m */,
				6ED17F021C1032E500978BCF /* UIView+ViewAddition.h */,
				6ED17F031C1032E500978BCF /* UIView+ViewAddition.m */,
				6ED17F041C1032E500978BCF /* UIViewController+Addition.h */,
				6ED17F051C1032E500978BCF /* UIViewController+Addition.m */,
			);
			path = Addition;
			sourceTree = "<group>";
		};
		6ED17F061C1032E500978BCF /* Cell */ = {
			isa = PBXGroup;
			children = (
				6ED17F071C1032E500978BCF /* BasicTableViewCell.h */,
				6ED17F081C1032E500978BCF /* BasicTableViewCell.m */,
				6ED17F091C1032E500978BCF /* BasicTableViewCell.xib */,
				6ED17F0A1C1032E500978BCF /* RoleTableViewCell.h */,
				6ED17F0B1C1032E500978BCF /* RoleTableViewCell.m */,
				6ED17F0C1C1032E500978BCF /* RoleTableViewCell.xib */,
				6ED17F0D1C1032E500978BCF /* SocietyPostsTableViewCell.h */,
				6ED17F0E1C1032E500978BCF /* SocietyPostsTableViewCell.m */,
				6ED17F0F1C1032E500978BCF /* SocietyPostsTableViewCell.xib */,
			);
			path = Cell;
			sourceTree = "<group>";
		};
		6ED17F101C1032E500978BCF /* CircleUtil */ = {
			isa = PBXGroup;
			children = (
				6ED17F111C1032E500978BCF /* CircleImageButton.h */,
				6ED17F121C1032E500978BCF /* CircleImageButton.m */,
				6ED17F131C1032E500978BCF /* CircleImageView.h */,
				6ED17F141C1032E500978BCF /* CircleImageView.m */,
			);
			path = CircleUtil;
			sourceTree = "<group>";
		};
		6ED17F151C1032E500978BCF /* JPTabViewController */ = {
			isa = PBXGroup;
			children = (
				6ED17F161C1032E500978BCF /* JPTabViewController.h */,
				6ED17F171C1032E500978BCF /* JPTabViewController.m */,
			);
			path = JPTabViewController;
			sourceTree = "<group>";
		};
		6ED17F181C1032E500978BCF /* Layout */ = {
			isa = PBXGroup;
			children = (
				6ED17F191C1032E500978BCF /* ABSWaterFlowLayout.h */,
				6ED17F1A1C1032E500978BCF /* ABSWaterFlowLayout.m */,
			);
			path = Layout;
			sourceTree = "<group>";
		};
		6ED17F1B1C1032E500978BCF /* MyDatePickerView */ = {
			isa = PBXGroup;
			children = (
				6ED17F1C1C1032E500978BCF /* MyDatePickerView.h */,
				6ED17F1D1C1032E500978BCF /* MyDatePickerView.m */,
				6ED17F1E1C1032E500978BCF /* MyDatePickerView.xib */,
			);
			path = MyDatePickerView;
			sourceTree = "<group>";
		};
		6ED17F1F1C1032E500978BCF /* PlaceholderTextView */ = {
			isa = PBXGroup;
			children = (
				6ED17F201C1032E500978BCF /* PlaceholderTextView.h */,
				6ED17F211C1032E500978BCF /* PlaceholderTextView.m */,
			);
			path = PlaceholderTextView;
			sourceTree = "<group>";
		};
		6ED17F221C1032E500978BCF /* System */ = {
			isa = PBXGroup;
			children = (
				6ED17F231C1032E500978BCF /* SystemParaManager.h */,
				6ED17F241C1032E500978BCF /* SystemParaManager.m */,
			);
			path = System;
			sourceTree = "<group>";
		};
		6ED9001D1BB24F08008D0D0C /* Main */ = {
			isa = PBXGroup;
			children = (
				6EC648271BCB475D00457E4E /* GroupsMain.storyboard */,
				6EFE44F21BDA3172001F0600 /* CommontEditViewController.h */,
				6EFE44F31BDA3172001F0600 /* CommontEditViewController.m */,
				6EFBB6AF1BE0C5D20088308D /* EditCommentTableViewCell.h */,
				6EFBB6B01BE0C5D20088308D /* EditCommentTableViewCell.m */,
				6EFBB6B11BE0C5D20088308D /* EditCommentTableViewCell.xib */,
				6E64935A1C1A7D5700386D54 /* FriendsMainViewController.h */,
				6E64935B1C1A7D5700386D54 /* FriendsMainViewController.m */,
				6E20189E1C02F6760032C2A3 /* GroupInfoViewController.h */,
				6E20189F1C02F6760032C2A3 /* GroupInfoViewController.m */,
				6E68A9261BAF8803001D5E91 /* GroupsCellFooterCollectionReusableView.h */,
				6E68A9271BAF8803001D5E91 /* GroupsCellFooterCollectionReusableView.m */,
				6E68A9281BAF8803001D5E91 /* GroupsCellFooterCollectionReusableView.xib */,
				6EBAA1651BABF21B0063E251 /* GroupsCellHeaderCollectionReusableView.h */,
				6EBAA1661BABF21B0063E251 /* GroupsCellHeaderCollectionReusableView.m */,
				6EBAA1671BABF21B0063E251 /* GroupsCellHeaderCollectionReusableView.xib */,
				6E57BE551BDE5B97003928BE /* GroupsCollectionViewController.h */,
				6E57BE561BDE5B97003928BE /* GroupsCollectionViewController.m */,
				6E2018981C02AF890032C2A3 /* GroupSetingViewController.h */,
				6E2018991C02AF890032C2A3 /* GroupSetingViewController.m */,
				6E8703691BAA9D1000C2B128 /* GroupsMainCollectionViewCell.h */,
				6E87036A1BAA9D1000C2B128 /* GroupsMainCollectionViewCell.m */,
				6E87036B1BAA9D1000C2B128 /* GroupsMainCollectionViewCell.xib */,
				6E57BE521BDE5911003928BE /* GroupsTypeTabViewController.h */,
				6E57BE531BDE5911003928BE /* GroupsTypeTabViewController.m */,
				6EB7CCD11BD63C2900281ACA /* ResultsTableViewController.h */,
				6EB7CCD21BD63C2900281ACA /* ResultsTableViewController.m */,
				6E20189B1C02BEB80032C2A3 /* SelectMemberTableViewController.h */,
				6E20189C1C02BEB80032C2A3 /* SelectMemberTableViewController.m */,
				6EDCE1FC1C01C821002789FB /* TypeCollectionViewController.h */,
				6EDCE1FD1C01C821002789FB /* TypeCollectionViewController.m */,
			);
			name = Main;
			sourceTree = "<group>";
		};
		6ED9001E1BB24F8A008D0D0C /* Contacts */ = {
			isa = PBXGroup;
			children = (
				6EC648291BCB4B6D00457E4E /* Contacts.storyboard */,
				6E011BED1BB2CC8F00A9688D /* ContactListTableViewCell.h */,
				6E011BEE1BB2CC8F00A9688D /* ContactListTableViewCell.m */,
				6E011BEF1BB2CC8F00A9688D /* ContactListTableViewCell.xib */,
				6E011BF21BB2CEF700A9688D /* ContactListTableViewController.h */,
				6E011BF31BB2CEF700A9688D /* ContactListTableViewController.m */,
				6E1DBA211BB14B4B0009428F /* ContactsTabViewController.h */,
				6E1DBA221BB14B4B0009428F /* ContactsTabViewController.m */,
				6ED9001F1BB25155008D0D0C /* MessageTableViewCell.h */,
				6ED900201BB25155008D0D0C /* MessageTableViewCell.m */,
				6ED900211BB25155008D0D0C /* MessageTableViewCell.xib */,
				6EC3972D1BB28D6B00F1BAA4 /* MessageTableViewController.h */,
				6EC3972E1BB28D6B00F1BAA4 /* MessageTableViewController.m */,
			);
			name = Contacts;
			sourceTree = "<group>";
		};
		BD2ED29A77EA2AD69C0C3C0D /* Pods */ = {
			isa = PBXGroup;
			children = (
				9D42CC4CEEAE03A8DE0B41CB /* Pods.debug.xcconfig */,
				1C1E3ACD2A4E3BF7EBFC65A9 /* Pods.release.xcconfig */,
			);
			name = Pods;
			sourceTree = "<group>";
		};
/* End PBXGroup section */

/* Begin PBXNativeTarget section */
		6E88C9D11B8F00F200475EBF /* GeihooGroups4IOS */ = {
			isa = PBXNativeTarget;
			buildConfigurationList = 6E88C9F51B8F00F200475EBF /* Build configuration list for PBXNativeTarget "GeihooGroups4IOS" */;
			buildPhases = (
				40CCC84900D8C91CB5725329 /* Check Pods Manifest.lock */,
				6E88C9CE1B8F00F200475EBF /* Sources */,
				6E88C9CF1B8F00F200475EBF /* Frameworks */,
				6E88C9D01B8F00F200475EBF /* Resources */,
				5FC6F931C2799E717B927CCF /* Copy Pods Resources */,
			);
			buildRules = (
			);
			dependencies = (
			);
			name = GeihooGroups4IOS;
			productName = GeihooGroups4IOS;
			productReference = 6E88C9D21B8F00F200475EBF /* GeihooGroups4IOS.app */;
			productType = "com.apple.product-type.application";
		};
/* End PBXNativeTarget section */

/* Begin PBXProject section */
		6E88C9CA1B8F00F200475EBF /* Project object */ = {
			isa = PBXProject;
			attributes = {
				LastUpgradeCheck = 0710;
				ORGANIZATIONNAME = hjs;
				TargetAttributes = {
					6E88C9D11B8F00F200475EBF = {
						CreatedOnToolsVersion = 6.4;
					};
				};
			};
			buildConfigurationList = 6E88C9CD1B8F00F200475EBF /* Build configuration list for PBXProject "GeihooGroups4IOS" */;
			compatibilityVersion = "Xcode 3.2";
			developmentRegion = English;
			hasScannedForEncodings = 0;
			knownRegions = (
				en,
				Base,
			);
			mainGroup = 6E88C9C91B8F00F200475EBF;
			productRefGroup = 6E88C9D31B8F00F200475EBF /* Products */;
			projectDirPath = "";
			projectRoot = "";
			targets = (
				6E88C9D11B8F00F200475EBF /* GeihooGroups4IOS */,
			);
		};
/* End PBXProject section */

/* Begin PBXResourcesBuildPhase section */
		6E88C9D01B8F00F200475EBF /* Resources */ = {
			isa = PBXResourcesBuildPhase;
			buildActionMask = 2147483647;
			files = (
				6EEF72681BCA4D31006939EE /* 1.plist in Resources */,
				6ED17F2C1C1032E500978BCF /* RoleTableViewCell.xib in Resources */,
				6EBAA1691BABF21B0063E251 /* GroupsCellHeaderCollectionReusableView.xib in Resources */,
				6EFBB6B31BE0C5D20088308D /* EditCommentTableViewCell.xib in Resources */,
				6E87036D1BAA9D1000C2B128 /* GroupsMainCollectionViewCell.xib in Resources */,
				6EC648281BCB475D00457E4E /* GroupsMain.storyboard in Resources */,
				6EC6482E1BCB4E1F00457E4E /* Me.storyboard in Resources */,
				6ED17F2E1C1032E500978BCF /* SocietyPostsTableViewCell.xib in Resources */,
				6E583AF71C16BFA000785D00 /* filesByUser.plist in Resources */,
				6EC648301BCB556100457E4E /* SocietyMain.storyboard in Resources */,
				45541CDF1B90531F006C6E1D /* Society.storyboard in Resources */,
				6E88CA2B1B8F037D00475EBF /* LaunchScreen.xib in Resources */,
				6ED17F2A1C1032E500978BCF /* BasicTableViewCell.xib in Resources */,
				6E087E681C167AE400ED63BA /* filesByType.plist in Resources */,
				6EC648341BCB563C00457E4E /* Activity.storyboard in Resources */,
				6EC648321BCB55AF00457E4E /* Photo.storyboard in Resources */,
				6E68A92A1BAF8803001D5E91 /* GroupsCellFooterCollectionReusableView.xib in Resources */,
				6EC6482A1BCB4B6D00457E4E /* Contacts.storyboard in Resources */,
				6EC5ACC11BCB9CA4006F6280 /* ActivityTableViewCell.xib in Resources */,
				6ED900231BB25155008D0D0C /* MessageTableViewCell.xib in Resources */,
				6E88CA281B8F033200475EBF /* Groups.storyboard in Resources */,
				6E88CA241B8F030D00475EBF /* Main.storyboard in Resources */,
				6E88C9E31B8F00F200475EBF /* Images.xcassets in Resources */,
				6EC648361BCB567500457E4E /* More.storyboard in Resources */,
				6E011BF11BB2CC8F00A9688D /* ContactListTableViewCell.xib in Resources */,
				6EC6482C1BCB4DBA00457E4E /* Trends.storyboard in Resources */,
				6ED17F341C1032E500978BCF /* MyDatePickerView.xib in Resources */,
				6E583AF91C16C53300785D00 /* filesByTime.plist in Resources */,
			);
			runOnlyForDeploymentPostprocessing = 0;
		};
/* End PBXResourcesBuildPhase section */

/* Begin PBXShellScriptBuildPhase section */
		40CCC84900D8C91CB5725329 /* Check Pods Manifest.lock */ = {
			isa = PBXShellScriptBuildPhase;
			buildActionMask = 2147483647;
			files = (
			);
			inputPaths = (
			);
			name = "Check Pods Manifest.lock";
			outputPaths = (
			);
			runOnlyForDeploymentPostprocessing = 0;
			shellPath = /bin/sh;
			shellScript = "diff \"${PODS_ROOT}/../Podfile.lock\" \"${PODS_ROOT}/Manifest.lock\" > /dev/null\nif [[ $? != 0 ]] ; then\n    cat << EOM\nerror: The sandbox is not in sync with the Podfile.lock. Run 'pod install' or update your CocoaPods installation.\nEOM\n    exit 1\nfi\n";
			showEnvVarsInLog = 0;
		};
		5FC6F931C2799E717B927CCF /* Copy Pods Resources */ = {
			isa = PBXShellScriptBuildPhase;
			buildActionMask = 2147483647;
			files = (
			);
			inputPaths = (
			);
			name = "Copy Pods Resources";
			outputPaths = (
			);
			runOnlyForDeploymentPostprocessing = 0;
			shellPath = /bin/sh;
			shellScript = "\"${SRCROOT}/Pods/Target Support Files/Pods/Pods-resources.sh\"\n";
			showEnvVarsInLog = 0;
		};
/* End PBXShellScriptBuildPhase section */

/* Begin PBXSourcesBuildPhase section */
		6E88C9CE1B8F00F200475EBF /* Sources */ = {
			isa = PBXSourcesBuildPhase;
			buildActionMask = 2147483647;
			files = (
				6E011BF41BB2CEF700A9688D /* ContactListTableViewController.m in Sources */,
				6EC5ACC01BCB9CA4006F6280 /* ActivityTableViewCell.m in Sources */,
				6E57BE541BDE5911003928BE /* GroupsTypeTabViewController.m in Sources */,
				6ED3D8921C05CBA100A2159E /* CommentTableViewCell.m in Sources */,
				6EDCE1FE1C01C821002789FB /* TypeCollectionViewController.m in Sources */,
				6E1C26211C09F5EA00958B28 /* AdminListTableViewController.m in Sources */,
				6E087E751C1683AD00ED63BA /* FileViewController.m in Sources */,
				6EFE44F41BDA3172001F0600 /* CommontEditViewController.m in Sources */,
				6E44A5EF1BE34CD000A8993C /* MyInfoTableViewController.m in Sources */,
				6ED3D88F1C05CB5F00A2159E /* PostDetailTableViewController.m in Sources */,
				6E583AFC1C16C86900785D00 /* FileTabViewController.m in Sources */,
				6E89ED291BB3D31F009D3EDC /* TrendsViewController.m in Sources */,
				6E087E7D1C1687A400ED63BA /* CommonCellBean.m in Sources */,
				6ED17F291C1032E500978BCF /* BasicTableViewCell.m in Sources */,
				6EEF72661BCA4BCA006939EE /* PhotoCollectionViewController.m in Sources */,
				6ED17F271C1032E500978BCF /* UIView+ViewAddition.m in Sources */,
				6E41464B1BCDE9060057A359 /* AlbumTableViewController.m in Sources */,
				6E1A4B611BCC95EE003CD31D /* ActivityTabViewController.m in Sources */,
				6ED17F411C10463200978BCF /* AddrSelectViewController.m in Sources */,
				6E20189A1C02AF890032C2A3 /* GroupSetingViewController.m in Sources */,
				6ED17F251C1032E500978BCF /* NSDictionary+StringAttributeForKey.m in Sources */,
				6E68A9291BAF8803001D5E91 /* GroupsCellFooterCollectionReusableView.m in Sources */,
				6ECFE0F31C044B98002EB5A0 /* AddMemberViewController.m in Sources */,
				6E64935C1C1A7D5700386D54 /* FriendsMainViewController.m in Sources */,
				6E1DBA231BB14B4B0009428F /* ContactsTabViewController.m in Sources */,
				6EC5ACC41BCBB338006F6280 /* PresentActivityTableViewController.m in Sources */,
				6E104B6E1BB916CE0055015C /* MeViewController.m in Sources */,
				6EA6B6A11BA69A3B00F65AEA /* LoginViewController.m in Sources */,
				6E2018A01C02F6760032C2A3 /* GroupInfoViewController.m in Sources */,
				6ED17F331C1032E500978BCF /* MyDatePickerView.m in Sources */,
				6EF1C18A1C054B4000E34F6C /* MesPostViewController.m in Sources */,
				6E1C0E651BD74152006889C3 /* SocietyBean.m in Sources */,
				6ED83C7B1C0C3BF800BF1E1A /* ActivityMainViewController.m in Sources */,
				6EF1C19C1C05659800E34F6C /* PicCollectionViewCell.m in Sources */,
				6E087E691C167AE400ED63BA /* HeadView.m in Sources */,
				6E41464E1BCDE9630057A359 /* AlbumTableViewCell.m in Sources */,
				6EBAA1681BABF21B0063E251 /* GroupsCellHeaderCollectionReusableView.m in Sources */,
				6EB951671C0B3F490026A957 /* MemberTabViewController.m in Sources */,
				6E87544A1C06C57100917B2A /* AddPicCollectionViewController.m in Sources */,
				6E263C8A1C0EC1C3004CFE33 /* AddActivityViewController.m in Sources */,
				6EBC1B691BC7B81400D1A02C /* PhotoTabViewController.m in Sources */,
				6ED17F441C10543F00978BCF /* SocietySetingTableViewController.m in Sources */,
				6EEF725D1BCA3B7E006939EE /* PhotoCollectionViewCell.m in Sources */,
				6E011BF01BB2CC8F00A9688D /* ContactListTableViewCell.m in Sources */,
				6ED83C781C0C340100BF1E1A /* ActivityDetailViewController.m in Sources */,
				6EF1C1991C05655C00E34F6C /* PostPicViewController.m in Sources */,
				6ED17F2F1C1032E500978BCF /* CircleImageButton.m in Sources */,
				6E1A4B5E1BCC93B0003CD31D /* PastActivityTableViewController.m in Sources */,
				6E57BE571BDE5B97003928BE /* GroupsCollectionViewController.m in Sources */,
				6ED17F281C1032E500978BCF /* UIViewController+Addition.m in Sources */,
				6EFF1A131C0AAB7B00F8040E /* BannedTableViewController.m in Sources */,
				6ED900221BB25155008D0D0C /* MessageTableViewCell.m in Sources */,
				6E6565D11B93FFC4006DE6A0 /* SocietyMainTableViewController.m in Sources */,
				6ED17F2B1C1032E500978BCF /* RoleTableViewCell.m in Sources */,
				6E1A4B641BCCAAA8003CD31D /* MoreTableViewController.m in Sources */,
				6ED17F311C1032E500978BCF /* JPTabViewController.m in Sources */,
				6EFBB6B21BE0C5D20088308D /* EditCommentTableViewCell.m in Sources */,
				6EA6B69E1BA681CF00F65AEA /* RegisterViewController.m in Sources */,
				6EEF72601BCA4873006939EE /* Photo.m in Sources */,
				6E087E721C1682B400ED63BA /* CommonCellBeanGroup.m in Sources */,
				6EC3972F1BB28D6B00F1BAA4 /* MessageTableViewController.m in Sources */,
				6ED17F2D1C1032E500978BCF /* SocietyPostsTableViewCell.m in Sources */,
				6ED17F261C1032E500978BCF /* UIImage+ImageAddition.m in Sources */,
				6EFF1A161C0ADB1700F8040E /* MemberShipViewController.m in Sources */,
				6ED17F351C1032E500978BCF /* PlaceholderTextView.m in Sources */,
				6E01AEDD1B9D822600B4FE99 /* SocietyPostBeans.m in Sources */,
				6EB7CCD31BD63C2900281ACA /* ResultsTableViewController.m in Sources */,
				6E88CA291B8F033200475EBF /* RootViewController.m in Sources */,
				6E44A5F51BE34FF500A8993C /* KeyValueBean.m in Sources */,
				6E5F67BD1BB5379E003B4504 /* FirstViewController.m in Sources */,
				6E87036C1BAA9D1000C2B128 /* GroupsMainCollectionViewCell.m in Sources */,
				6ED17F321C1032E500978BCF /* ABSWaterFlowLayout.m in Sources */,
				6ED17F361C1032E500978BCF /* SystemParaManager.m in Sources */,
				6E88C9DB1B8F00F200475EBF /* AppDelegate.m in Sources */,
				6ED17F301C1032E500978BCF /* CircleImageView.m in Sources */,
				6E88C9D81B8F00F200475EBF /* main.m in Sources */,
				6E20189D1C02BEB80032C2A3 /* SelectMemberTableViewController.m in Sources */,
				6ED929151C06B7C900E0EF37 /* PhotoMainViewController.m in Sources */,
			);
			runOnlyForDeploymentPostprocessing = 0;
		};
/* End PBXSourcesBuildPhase section */

/* Begin XCBuildConfiguration section */
		6E88C9F31B8F00F200475EBF /* Debug */ = {
			isa = XCBuildConfiguration;
			buildSettings = {
				ALWAYS_SEARCH_USER_PATHS = NO;
				CLANG_CXX_LANGUAGE_STANDARD = "gnu++0x";
				CLANG_CXX_LIBRARY = "libc++";
				CLANG_ENABLE_MODULES = YES;
				CLANG_ENABLE_OBJC_ARC = YES;
				CLANG_WARN_BOOL_CONVERSION = YES;
				CLANG_WARN_CONSTANT_CONVERSION = YES;
				CLANG_WARN_DIRECT_OBJC_ISA_USAGE = YES_ERROR;
				CLANG_WARN_EMPTY_BODY = YES;
				CLANG_WARN_ENUM_CONVERSION = YES;
				CLANG_WARN_INT_CONVERSION = YES;
				CLANG_WARN_OBJC_ROOT_CLASS = YES_ERROR;
				CLANG_WARN_UNREACHABLE_CODE = YES;
				CLANG_WARN__DUPLICATE_METHOD_MATCH = YES;
				CODE_SIGN_IDENTITY = "iPhone Developer: jinshengh33@gmail.com (QB5993S4ZW)";
				"CODE_SIGN_IDENTITY[sdk=iphoneos*]" = "iPhone Developer";
				COPY_PHASE_STRIP = NO;
				DEBUG_INFORMATION_FORMAT = "dwarf-with-dsym";
				ENABLE_STRICT_OBJC_MSGSEND = YES;
				ENABLE_TESTABILITY = YES;
				GCC_C_LANGUAGE_STANDARD = gnu99;
				GCC_DYNAMIC_NO_PIC = NO;
				GCC_NO_COMMON_BLOCKS = YES;
				GCC_OPTIMIZATION_LEVEL = 0;
				GCC_PREPROCESSOR_DEFINITIONS = (
					"DEBUG=1",
					"$(inherited)",
				);
				GCC_SYMBOLS_PRIVATE_EXTERN = NO;
				GCC_WARN_64_TO_32_BIT_CONVERSION = YES;
				GCC_WARN_ABOUT_RETURN_TYPE = YES_ERROR;
				GCC_WARN_UNDECLARED_SELECTOR = YES;
				GCC_WARN_UNINITIALIZED_AUTOS = YES_AGGRESSIVE;
				GCC_WARN_UNUSED_FUNCTION = YES;
				GCC_WARN_UNUSED_VARIABLE = YES;
				IPHONEOS_DEPLOYMENT_TARGET = 7.0;
				MTL_ENABLE_DEBUG_INFO = YES;
				ONLY_ACTIVE_ARCH = YES;
				PROVISIONING_PROFILE = "f03288ef-9e59-4be6-b0b3-62bee9b2df20";
				SDKROOT = iphoneos;
			};
			name = Debug;
		};
		6E88C9F41B8F00F200475EBF /* Release */ = {
			isa = XCBuildConfiguration;
			buildSettings = {
				ALWAYS_SEARCH_USER_PATHS = NO;
				CLANG_CXX_LANGUAGE_STANDARD = "gnu++0x";
				CLANG_CXX_LIBRARY = "libc++";
				CLANG_ENABLE_MODULES = YES;
				CLANG_ENABLE_OBJC_ARC = YES;
				CLANG_WARN_BOOL_CONVERSION = YES;
				CLANG_WARN_CONSTANT_CONVERSION = YES;
				CLANG_WARN_DIRECT_OBJC_ISA_USAGE = YES_ERROR;
				CLANG_WARN_EMPTY_BODY = YES;
				CLANG_WARN_ENUM_CONVERSION = YES;
				CLANG_WARN_INT_CONVERSION = YES;
				CLANG_WARN_OBJC_ROOT_CLASS = YES_ERROR;
				CLANG_WARN_UNREACHABLE_CODE = YES;
				CLANG_WARN__DUPLICATE_METHOD_MATCH = YES;
				CODE_SIGN_IDENTITY = "iPhone Developer: jinshengh33@gmail.com (QB5993S4ZW)";
				"CODE_SIGN_IDENTITY[sdk=iphoneos*]" = "iPhone Developer";
				COPY_PHASE_STRIP = NO;
				DEBUG_INFORMATION_FORMAT = "dwarf-with-dsym";
				ENABLE_NS_ASSERTIONS = NO;
				ENABLE_STRICT_OBJC_MSGSEND = YES;
				GCC_C_LANGUAGE_STANDARD = gnu99;
				GCC_NO_COMMON_BLOCKS = YES;
				GCC_WARN_64_TO_32_BIT_CONVERSION = YES;
				GCC_WARN_ABOUT_RETURN_TYPE = YES_ERROR;
				GCC_WARN_UNDECLARED_SELECTOR = YES;
				GCC_WARN_UNINITIALIZED_AUTOS = YES_AGGRESSIVE;
				GCC_WARN_UNUSED_FUNCTION = YES;
				GCC_WARN_UNUSED_VARIABLE = YES;
				IPHONEOS_DEPLOYMENT_TARGET = 7.0;
				MTL_ENABLE_DEBUG_INFO = NO;
				PROVISIONING_PROFILE = "f03288ef-9e59-4be6-b0b3-62bee9b2df20";
				SDKROOT = iphoneos;
				VALIDATE_PRODUCT = YES;
			};
			name = Release;
		};
		6E88C9F61B8F00F200475EBF /* Debug */ = {
			isa = XCBuildConfiguration;
			baseConfigurationReference = 9D42CC4CEEAE03A8DE0B41CB /* Pods.debug.xcconfig */;
			buildSettings = {
				ASSETCATALOG_COMPILER_APPICON_NAME = AppIcon;
				ASSETCATALOG_COMPILER_LAUNCHIMAGE_NAME = LaunchImage;
				CODE_SIGN_IDENTITY = "iPhone Developer: jinshengh33@gmail.com (QB5993S4ZW)";
				"CODE_SIGN_IDENTITY[sdk=iphoneos*]" = "iPhone Developer";
				INFOPLIST_FILE = GeihooGroups4IOS/Info.plist;
				IPHONEOS_DEPLOYMENT_TARGET = 7.0;
				LD_RUNPATH_SEARCH_PATHS = "$(inherited) @executable_path/Frameworks";
				PRODUCT_BUNDLE_IDENTIFIER = "com.geihoo.$(PRODUCT_NAME:rfc1034identifier)";
				PRODUCT_NAME = "$(TARGET_NAME)";
				PROVISIONING_PROFILE = "f03288ef-9e59-4be6-b0b3-62bee9b2df20";
			};
			name = Debug;
		};
		6E88C9F71B8F00F200475EBF /* Release */ = {
			isa = XCBuildConfiguration;
			baseConfigurationReference = 1C1E3ACD2A4E3BF7EBFC65A9 /* Pods.release.xcconfig */;
			buildSettings = {
				ASSETCATALOG_COMPILER_APPICON_NAME = AppIcon;
				ASSETCATALOG_COMPILER_LAUNCHIMAGE_NAME = LaunchImage;
				CODE_SIGN_IDENTITY = "iPhone Developer: jinshengh33@gmail.com (QB5993S4ZW)";
				"CODE_SIGN_IDENTITY[sdk=iphoneos*]" = "iPhone Developer";
				INFOPLIST_FILE = GeihooGroups4IOS/Info.plist;
				IPHONEOS_DEPLOYMENT_TARGET = 7.0;
				LD_RUNPATH_SEARCH_PATHS = "$(inherited) @executable_path/Frameworks";
				PRODUCT_BUNDLE_IDENTIFIER = "com.geihoo.$(PRODUCT_NAME:rfc1034identifier)";
				PRODUCT_NAME = "$(TARGET_NAME)";
				PROVISIONING_PROFILE = "f03288ef-9e59-4be6-b0b3-62bee9b2df20";
			};
			name = Release;
		};
/* End XCBuildConfiguration section */

/* Begin XCConfigurationList section */
		6E88C9CD1B8F00F200475EBF /* Build configuration list for PBXProject "GeihooGroups4IOS" */ = {
			isa = XCConfigurationList;
			buildConfigurations = (
				6E88C9F31B8F00F200475EBF /* Debug */,
				6E88C9F41B8F00F200475EBF /* Release */,
			);
			defaultConfigurationIsVisible = 0;
			defaultConfigurationName = Release;
		};
		6E88C9F51B8F00F200475EBF /* Build configuration list for PBXNativeTarget "GeihooGroups4IOS" */ = {
			isa = XCConfigurationList;
			buildConfigurations = (
				6E88C9F61B8F00F200475EBF /* Debug */,
				6E88C9F71B8F00F200475EBF /* Release */,
			);
			defaultConfigurationIsVisible = 0;
			defaultConfigurationName = Release;
		};
/* End XCConfigurationList section */
	};
	rootObject = 6E88C9CA1B8F00F200475EBF /* Project object */;
}
